// !$*UTF8*$!
{
	archiveVersion = 1;
	classes = {
	};
	objectVersion = 46;
	objects = {

/* Begin PBXBuildFile section */
		BB0F894218481B160010803C /* bt_active.png in Resources */ = {isa = PBXBuildFile; fileRef = BB0F88FA18481B160010803C /* bt_active.png */; };
		BB0F894318481B160010803C /* bt_help.png in Resources */ = {isa = PBXBuildFile; fileRef = BB0F88FB18481B160010803C /* bt_help.png */; };
		BB0F894418481B160010803C /* bt_info.png in Resources */ = {isa = PBXBuildFile; fileRef = BB0F88FC18481B160010803C /* bt_info.png */; };
		BB0F894518481B160010803C /* bt_metronom_active.png in Resources */ = {isa = PBXBuildFile; fileRef = BB0F88FD18481B160010803C /* bt_metronom_active.png */; };
		BB0F894618481B160010803C /* bt_metronom_off.png in Resources */ = {isa = PBXBuildFile; fileRef = BB0F88FE18481B160010803C /* bt_metronom_off.png */; };
		BB0F894718481B160010803C /* bt_metronom_on.png in Resources */ = {isa = PBXBuildFile; fileRef = BB0F88FF18481B160010803C /* bt_metronom_on.png */; };
		BB0F894818481B160010803C /* bt_minus_off.png in Resources */ = {isa = PBXBuildFile; fileRef = BB0F890018481B160010803C /* bt_minus_off.png */; };
		BB0F894918481B160010803C /* bt_minus_on.png in Resources */ = {isa = PBXBuildFile; fileRef = BB0F890118481B160010803C /* bt_minus_on.png */; };
		BB0F894A18481B160010803C /* bt_off.png in Resources */ = {isa = PBXBuildFile; fileRef = BB0F890218481B160010803C /* bt_off.png */; };
		BB0F894B18481B160010803C /* bt_on.png in Resources */ = {isa = PBXBuildFile; fileRef = BB0F890318481B160010803C /* bt_on.png */; };
		BB0F894C18481B160010803C /* bt_plus_off.png in Resources */ = {isa = PBXBuildFile; fileRef = BB0F890418481B160010803C /* bt_plus_off.png */; };
		BB0F894D18481B160010803C /* bt_plus_on.png in Resources */ = {isa = PBXBuildFile; fileRef = BB0F890518481B160010803C /* bt_plus_on.png */; };
		BB0F894E18481B160010803C /* help_1.png in Resources */ = {isa = PBXBuildFile; fileRef = BB0F890618481B160010803C /* help_1.png */; };
		BB0F894F18481B160010803C /* help_appendix.png in Resources */ = {isa = PBXBuildFile; fileRef = BB0F890718481B160010803C /* help_appendix.png */; };
		BB0F895018481B160010803C /* help1.png in Resources */ = {isa = PBXBuildFile; fileRef = BB0F890818481B160010803C /* help1.png */; };
		BB0F895118481B160010803C /* help2.png in Resources */ = {isa = PBXBuildFile; fileRef = BB0F890918481B160010803C /* help2.png */; };
		BB0F895218481B160010803C /* help3.png in Resources */ = {isa = PBXBuildFile; fileRef = BB0F890A18481B160010803C /* help3.png */; };
		BB0F895318481B160010803C /* howto_title.png in Resources */ = {isa = PBXBuildFile; fileRef = BB0F890B18481B160010803C /* howto_title.png */; };
		BB0F895418481B160010803C /* howto_txt_1.png in Resources */ = {isa = PBXBuildFile; fileRef = BB0F890C18481B160010803C /* howto_txt_1.png */; };
		BB0F895518481B160010803C /* howto_txt_2.png in Resources */ = {isa = PBXBuildFile; fileRef = BB0F890D18481B160010803C /* howto_txt_2.png */; };
		BB0F895618481B160010803C /* howto_txt_3.png in Resources */ = {isa = PBXBuildFile; fileRef = BB0F890E18481B160010803C /* howto_txt_3.png */; };
		BB0F895718481B160010803C /* howto_txt_4.png in Resources */ = {isa = PBXBuildFile; fileRef = BB0F890F18481B160010803C /* howto_txt_4.png */; };
		BB0F895818481B160010803C /* howto_txt_5.png in Resources */ = {isa = PBXBuildFile; fileRef = BB0F891018481B160010803C /* howto_txt_5.png */; };
		BB0F895918481B160010803C /* howto1.png in Resources */ = {isa = PBXBuildFile; fileRef = BB0F891118481B160010803C /* howto1.png */; };
		BB0F895A18481B160010803C /* howto2.png in Resources */ = {isa = PBXBuildFile; fileRef = BB0F891218481B160010803C /* howto2.png */; };
		BB0F895B18481B160010803C /* howto3.png in Resources */ = {isa = PBXBuildFile; fileRef = BB0F891318481B160010803C /* howto3.png */; };
		BB0F895C18481B160010803C /* howto4.png in Resources */ = {isa = PBXBuildFile; fileRef = BB0F891418481B160010803C /* howto4.png */; };
		BB0F895D18481B160010803C /* howto5.png in Resources */ = {isa = PBXBuildFile; fileRef = BB0F891518481B160010803C /* howto5.png */; };
		BB0F895E18481B160010803C /* Icon_29.png in Resources */ = {isa = PBXBuildFile; fileRef = BB0F891618481B160010803C /* Icon_29.png */; };
		BB0F895F18481B160010803C /* Icon_40.png in Resources */ = {isa = PBXBuildFile; fileRef = BB0F891718481B160010803C /* Icon_40.png */; };
		BB0F896018481B160010803C /* Icon_50.png in Resources */ = {isa = PBXBuildFile; fileRef = BB0F891818481B160010803C /* Icon_50.png */; };
		BB0F896118481B160010803C /* Icon_58.png in Resources */ = {isa = PBXBuildFile; fileRef = BB0F891918481B160010803C /* Icon_58.png */; };
		BB0F896218481B160010803C /* Icon_72.png in Resources */ = {isa = PBXBuildFile; fileRef = BB0F891A18481B160010803C /* Icon_72.png */; };
		BB0F896318481B160010803C /* Icon_76.png in Resources */ = {isa = PBXBuildFile; fileRef = BB0F891B18481B160010803C /* Icon_76.png */; };
		BB0F896418481B160010803C /* Icon_80.png in Resources */ = {isa = PBXBuildFile; fileRef = BB0F891C18481B160010803C /* Icon_80.png */; };
		BB0F896518481B160010803C /* Icon_100.png in Resources */ = {isa = PBXBuildFile; fileRef = BB0F891D18481B160010803C /* Icon_100.png */; };
		BB0F896618481B160010803C /* Icon_144.png in Resources */ = {isa = PBXBuildFile; fileRef = BB0F891E18481B160010803C /* Icon_144.png */; };
		BB0F896718481B160010803C /* Icon_152.png in Resources */ = {isa = PBXBuildFile; fileRef = BB0F891F18481B160010803C /* Icon_152.png */; };
		BB0F896818481B160010803C /* Icon_512.png in Resources */ = {isa = PBXBuildFile; fileRef = BB0F892018481B160010803C /* Icon_512.png */; };
		BB0F896918481B160010803C /* Icon_1024.png in Resources */ = {isa = PBXBuildFile; fileRef = BB0F892118481B160010803C /* Icon_1024.png */; };
		BB0F896A18481B160010803C /* info_close.png in Resources */ = {isa = PBXBuildFile; fileRef = BB0F892218481B160010803C /* info_close.png */; };
		BB0F896B18481B160010803C /* info_text.png in Resources */ = {isa = PBXBuildFile; fileRef = BB0F892318481B160010803C /* info_text.png */; };
		BB0F896C18481B160010803C /* key_a_on.png in Resources */ = {isa = PBXBuildFile; fileRef = BB0F892418481B160010803C /* key_a_on.png */; };
		BB0F896D18481B160010803C /* key_a.png in Resources */ = {isa = PBXBuildFile; fileRef = BB0F892518481B160010803C /* key_a.png */; };
		BB0F896E18481B160010803C /* key_active.png in Resources */ = {isa = PBXBuildFile; fileRef = BB0F892618481B160010803C /* key_active.png */; };
		BB0F896F18481B160010803C /* key_b_on.png in Resources */ = {isa = PBXBuildFile; fileRef = BB0F892718481B160010803C /* key_b_on.png */; };
		BB0F897018481B160010803C /* key_b.png in Resources */ = {isa = PBXBuildFile; fileRef = BB0F892818481B160010803C /* key_b.png */; };
		BB0F897118481B160010803C /* key_c_on.png in Resources */ = {isa = PBXBuildFile; fileRef = BB0F892918481B160010803C /* key_c_on.png */; };
		BB0F897218481B160010803C /* key_c.png in Resources */ = {isa = PBXBuildFile; fileRef = BB0F892A18481B160010803C /* key_c.png */; };
		BB0F897318481B160010803C /* key_cis_on.png in Resources */ = {isa = PBXBuildFile; fileRef = BB0F892B18481B160010803C /* key_cis_on.png */; };
		BB0F897418481B160010803C /* key_cis.png in Resources */ = {isa = PBXBuildFile; fileRef = BB0F892C18481B160010803C /* key_cis.png */; };
		BB0F897518481B160010803C /* key_d_on.png in Resources */ = {isa = PBXBuildFile; fileRef = BB0F892D18481B160010803C /* key_d_on.png */; };
		BB0F897618481B160010803C /* key_d.png in Resources */ = {isa = PBXBuildFile; fileRef = BB0F892E18481B160010803C /* key_d.png */; };
		BB0F897718481B160010803C /* key_dis_on.png in Resources */ = {isa = PBXBuildFile; fileRef = BB0F892F18481B160010803C /* key_dis_on.png */; };
		BB0F897818481B160010803C /* key_dis.png in Resources */ = {isa = PBXBuildFile; fileRef = BB0F893018481B160010803C /* key_dis.png */; };
		BB0F897918481B160010803C /* key_e_on.png in Resources */ = {isa = PBXBuildFile; fileRef = BB0F893118481B160010803C /* key_e_on.png */; };
		BB0F897A18481B160010803C /* key_e.png in Resources */ = {isa = PBXBuildFile; fileRef = BB0F893218481B160010803C /* key_e.png */; };
		BB0F897B18481B160010803C /* key_f_on.png in Resources */ = {isa = PBXBuildFile; fileRef = BB0F893318481B160010803C /* key_f_on.png */; };
		BB0F897C18481B160010803C /* key_f.png in Resources */ = {isa = PBXBuildFile; fileRef = BB0F893418481B160010803C /* key_f.png */; };
		BB0F897D18481B160010803C /* key_fis_on.png in Resources */ = {isa = PBXBuildFile; fileRef = BB0F893518481B160010803C /* key_fis_on.png */; };
		BB0F897E18481B170010803C /* key_fis.png in Resources */ = {isa = PBXBuildFile; fileRef = BB0F893618481B160010803C /* key_fis.png */; };
		BB0F897F18481B170010803C /* key_g_on.png in Resources */ = {isa = PBXBuildFile; fileRef = BB0F893718481B160010803C /* key_g_on.png */; };
		BB0F898018481B170010803C /* key_g.png in Resources */ = {isa = PBXBuildFile; fileRef = BB0F893818481B160010803C /* key_g.png */; };
		BB0F898118481B170010803C /* key_gis_on.png in Resources */ = {isa = PBXBuildFile; fileRef = BB0F893918481B160010803C /* key_gis_on.png */; };
		BB0F898218481B170010803C /* key_gis.png in Resources */ = {isa = PBXBuildFile; fileRef = BB0F893A18481B160010803C /* key_gis.png */; };
		BB0F898318481B170010803C /* key_h_on.png in Resources */ = {isa = PBXBuildFile; fileRef = BB0F893B18481B160010803C /* key_h_on.png */; };
		BB0F898418481B170010803C /* key_h.png in Resources */ = {isa = PBXBuildFile; fileRef = BB0F893C18481B160010803C /* key_h.png */; };
		BB0F898518481B170010803C /* keyboard_slider.png in Resources */ = {isa = PBXBuildFile; fileRef = BB0F893D18481B160010803C /* keyboard_slider.png */; };
		BB0F898618481B170010803C /* skeleton.png in Resources */ = {isa = PBXBuildFile; fileRef = BB0F893E18481B160010803C /* skeleton.png */; };
		BB0F898718481B170010803C /* slider_tempo.png in Resources */ = {isa = PBXBuildFile; fileRef = BB0F893F18481B160010803C /* slider_tempo.png */; };
		BB0F898818481B170010803C /* slider_vol.png in Resources */ = {isa = PBXBuildFile; fileRef = BB0F894018481B160010803C /* slider_vol.png */; };
		BB0F898918481B170010803C /* top_bg.png in Resources */ = {isa = PBXBuildFile; fileRef = BB0F894118481B160010803C /* top_bg.png */; };
		BB2204BF1845C35D008A5F56 /* click.mp3 in Resources */ = {isa = PBXBuildFile; fileRef = BB2204BE1845C35D008A5F56 /* click.mp3 */; };
		BB77314918424B03004E8C86 /* Foundation.framework in Frameworks */ = {isa = PBXBuildFile; fileRef = BB77314818424B03004E8C86 /* Foundation.framework */; };
		BB77314B18424B03004E8C86 /* CoreGraphics.framework in Frameworks */ = {isa = PBXBuildFile; fileRef = BB77314A18424B03004E8C86 /* CoreGraphics.framework */; };
		BB77314D18424B03004E8C86 /* UIKit.framework in Frameworks */ = {isa = PBXBuildFile; fileRef = BB77314C18424B03004E8C86 /* UIKit.framework */; };
		BB77315518424B03004E8C86 /* main.m in Sources */ = {isa = PBXBuildFile; fileRef = BB77315418424B03004E8C86 /* main.m */; };
		BB77315918424B03004E8C86 /* MKNDAppDelegate.m in Sources */ = {isa = PBXBuildFile; fileRef = BB77315818424B03004E8C86 /* MKNDAppDelegate.m */; };
		BB77315B18424B03004E8C86 /* Images.xcassets in Resources */ = {isa = PBXBuildFile; fileRef = BB77315A18424B03004E8C86 /* Images.xcassets */; };
		BB77316218424B03004E8C86 /* XCTest.framework in Frameworks */ = {isa = PBXBuildFile; fileRef = BB77316118424B03004E8C86 /* XCTest.framework */; };
		BB77316318424B03004E8C86 /* Foundation.framework in Frameworks */ = {isa = PBXBuildFile; fileRef = BB77314818424B03004E8C86 /* Foundation.framework */; };
		BB77316418424B03004E8C86 /* UIKit.framework in Frameworks */ = {isa = PBXBuildFile; fileRef = BB77314C18424B03004E8C86 /* UIKit.framework */; };
		BB77316C18424B03004E8C86 /* InfoPlist.strings in Resources */ = {isa = PBXBuildFile; fileRef = BB77316A18424B03004E8C86 /* InfoPlist.strings */; };
		BB77316E18424B03004E8C86 /* WAONTests.m in Sources */ = {isa = PBXBuildFile; fileRef = BB77316D18424B03004E8C86 /* WAONTests.m */; };
		BB77317918424BF2004E8C86 /* MainViewController.m in Sources */ = {isa = PBXBuildFile; fileRef = BB77317818424BF2004E8C86 /* MainViewController.m */; };
		BB77318018424CF3004E8C86 /* HelpViewController.m in Sources */ = {isa = PBXBuildFile; fileRef = BB77317B18424CF3004E8C86 /* HelpViewController.m */; };
		BB77318118424CF3004E8C86 /* InfoViewController.m in Sources */ = {isa = PBXBuildFile; fileRef = BB77317D18424CF3004E8C86 /* InfoViewController.m */; };
		BB77318218424CF3004E8C86 /* UIShadowLabel.m in Sources */ = {isa = PBXBuildFile; fileRef = BB77317F18424CF3004E8C86 /* UIShadowLabel.m */; };
		BB7731BC18424E7A004E8C86 /* AGA-Rasheeq-Bold.ttf in Resources */ = {isa = PBXBuildFile; fileRef = BB77318418424E7A004E8C86 /* AGA-Rasheeq-Bold.ttf */; };
		BB7731BD18424E7A004E8C86 /* AGA-Rasheeq-Regular.ttf in Resources */ = {isa = PBXBuildFile; fileRef = BB77318518424E7A004E8C86 /* AGA-Rasheeq-Regular.ttf */; };
		BB7731F018424E7A004E8C86 /* count.m4a in Resources */ = {isa = PBXBuildFile; fileRef = BB7731BB18424E7A004E8C86 /* count.m4a */; };
/* End PBXBuildFile section */

/* Begin PBXContainerItemProxy section */
		BB77316518424B03004E8C86 /* PBXContainerItemProxy */ = {
			isa = PBXContainerItemProxy;
			containerPortal = BB77313D18424B03004E8C86 /* Project object */;
			proxyType = 1;
			remoteGlobalIDString = BB77314418424B03004E8C86;
			remoteInfo = WAON;
		};
/* End PBXContainerItemProxy section */

/* Begin PBXFileReference section */
		BB0F88FA18481B160010803C /* bt_active.png */ = {isa = PBXFileReference; lastKnownFileType = image.png; path = bt_active.png; sourceTree = "<group>"; };
		BB0F88FB18481B160010803C /* bt_help.png */ = {isa = PBXFileReference; lastKnownFileType = image.png; path = bt_help.png; sourceTree = "<group>"; };
		BB0F88FC18481B160010803C /* bt_info.png */ = {isa = PBXFileReference; lastKnownFileType = image.png; path = bt_info.png; sourceTree = "<group>"; };
		BB0F88FD18481B160010803C /* bt_metronom_active.png */ = {isa = PBXFileReference; lastKnownFileType = image.png; path = bt_metronom_active.png; sourceTree = "<group>"; };
		BB0F88FE18481B160010803C /* bt_metronom_off.png */ = {isa = PBXFileReference; lastKnownFileType = image.png; path = bt_metronom_off.png; sourceTree = "<group>"; };
		BB0F88FF18481B160010803C /* bt_metronom_on.png */ = {isa = PBXFileReference; lastKnownFileType = image.png; path = bt_metronom_on.png; sourceTree = "<group>"; };
		BB0F890018481B160010803C /* bt_minus_off.png */ = {isa = PBXFileReference; lastKnownFileType = image.png; path = bt_minus_off.png; sourceTree = "<group>"; };
		BB0F890118481B160010803C /* bt_minus_on.png */ = {isa = PBXFileReference; lastKnownFileType = image.png; path = bt_minus_on.png; sourceTree = "<group>"; };
		BB0F890218481B160010803C /* bt_off.png */ = {isa = PBXFileReference; lastKnownFileType = image.png; path = bt_off.png; sourceTree = "<group>"; };
		BB0F890318481B160010803C /* bt_on.png */ = {isa = PBXFileReference; lastKnownFileType = image.png; path = bt_on.png; sourceTree = "<group>"; };
		BB0F890418481B160010803C /* bt_plus_off.png */ = {isa = PBXFileReference; lastKnownFileType = image.png; path = bt_plus_off.png; sourceTree = "<group>"; };
		BB0F890518481B160010803C /* bt_plus_on.png */ = {isa = PBXFileReference; lastKnownFileType = image.png; path = bt_plus_on.png; sourceTree = "<group>"; };
		BB0F890618481B160010803C /* help_1.png */ = {isa = PBXFileReference; lastKnownFileType = image.png; path = help_1.png; sourceTree = "<group>"; };
		BB0F890718481B160010803C /* help_appendix.png */ = {isa = PBXFileReference; lastKnownFileType = image.png; path = help_appendix.png; sourceTree = "<group>"; };
		BB0F890818481B160010803C /* help1.png */ = {isa = PBXFileReference; lastKnownFileType = image.png; path = help1.png; sourceTree = "<group>"; };
		BB0F890918481B160010803C /* help2.png */ = {isa = PBXFileReference; lastKnownFileType = image.png; path = help2.png; sourceTree = "<group>"; };
		BB0F890A18481B160010803C /* help3.png */ = {isa = PBXFileReference; lastKnownFileType = image.png; path = help3.png; sourceTree = "<group>"; };
		BB0F890B18481B160010803C /* howto_title.png */ = {isa = PBXFileReference; lastKnownFileType = image.png; path = howto_title.png; sourceTree = "<group>"; };
		BB0F890C18481B160010803C /* howto_txt_1.png */ = {isa = PBXFileReference; lastKnownFileType = image.png; path = howto_txt_1.png; sourceTree = "<group>"; };
		BB0F890D18481B160010803C /* howto_txt_2.png */ = {isa = PBXFileReference; lastKnownFileType = image.png; path = howto_txt_2.png; sourceTree = "<group>"; };
		BB0F890E18481B160010803C /* howto_txt_3.png */ = {isa = PBXFileReference; lastKnownFileType = image.png; path = howto_txt_3.png; sourceTree = "<group>"; };
		BB0F890F18481B160010803C /* howto_txt_4.png */ = {isa = PBXFileReference; lastKnownFileType = image.png; path = howto_txt_4.png; sourceTree = "<group>"; };
		BB0F891018481B160010803C /* howto_txt_5.png */ = {isa = PBXFileReference; lastKnownFileType = image.png; path = howto_txt_5.png; sourceTree = "<group>"; };
		BB0F891118481B160010803C /* howto1.png */ = {isa = PBXFileReference; lastKnownFileType = image.png; path = howto1.png; sourceTree = "<group>"; };
		BB0F891218481B160010803C /* howto2.png */ = {isa = PBXFileReference; lastKnownFileType = image.png; path = howto2.png; sourceTree = "<group>"; };
		BB0F891318481B160010803C /* howto3.png */ = {isa = PBXFileReference; lastKnownFileType = image.png; path = howto3.png; sourceTree = "<group>"; };
		BB0F891418481B160010803C /* howto4.png */ = {isa = PBXFileReference; lastKnownFileType = image.png; path = howto4.png; sourceTree = "<group>"; };
		BB0F891518481B160010803C /* howto5.png */ = {isa = PBXFileReference; lastKnownFileType = image.png; path = howto5.png; sourceTree = "<group>"; };
		BB0F891618481B160010803C /* Icon_29.png */ = {isa = PBXFileReference; lastKnownFileType = image.png; path = Icon_29.png; sourceTree = "<group>"; };
		BB0F891718481B160010803C /* Icon_40.png */ = {isa = PBXFileReference; lastKnownFileType = image.png; path = Icon_40.png; sourceTree = "<group>"; };
		BB0F891818481B160010803C /* Icon_50.png */ = {isa = PBXFileReference; lastKnownFileType = image.png; path = Icon_50.png; sourceTree = "<group>"; };
		BB0F891918481B160010803C /* Icon_58.png */ = {isa = PBXFileReference; lastKnownFileType = image.png; path = Icon_58.png; sourceTree = "<group>"; };
		BB0F891A18481B160010803C /* Icon_72.png */ = {isa = PBXFileReference; lastKnownFileType = image.png; path = Icon_72.png; sourceTree = "<group>"; };
		BB0F891B18481B160010803C /* Icon_76.png */ = {isa = PBXFileReference; lastKnownFileType = image.png; path = Icon_76.png; sourceTree = "<group>"; };
		BB0F891C18481B160010803C /* Icon_80.png */ = {isa = PBXFileReference; lastKnownFileType = image.png; path = Icon_80.png; sourceTree = "<group>"; };
		BB0F891D18481B160010803C /* Icon_100.png */ = {isa = PBXFileReference; lastKnownFileType = image.png; path = Icon_100.png; sourceTree = "<group>"; };
		BB0F891E18481B160010803C /* Icon_144.png */ = {isa = PBXFileReference; lastKnownFileType = image.png; path = Icon_144.png; sourceTree = "<group>"; };
		BB0F891F18481B160010803C /* Icon_152.png */ = {isa = PBXFileReference; lastKnownFileType = image.png; path = Icon_152.png; sourceTree = "<group>"; };
		BB0F892018481B160010803C /* Icon_512.png */ = {isa = PBXFileReference; lastKnownFileType = image.png; path = Icon_512.png; sourceTree = "<group>"; };
		BB0F892118481B160010803C /* Icon_1024.png */ = {isa = PBXFileReference; lastKnownFileType = image.png; path = Icon_1024.png; sourceTree = "<group>"; };
		BB0F892218481B160010803C /* info_close.png */ = {isa = PBXFileReference; lastKnownFileType = image.png; path = info_close.png; sourceTree = "<group>"; };
		BB0F892318481B160010803C /* info_text.png */ = {isa = PBXFileReference; lastKnownFileType = image.png; path = info_text.png; sourceTree = "<group>"; };
		BB0F892418481B160010803C /* key_a_on.png */ = {isa = PBXFileReference; lastKnownFileType = image.png; path = key_a_on.png; sourceTree = "<group>"; };
		BB0F892518481B160010803C /* key_a.png */ = {isa = PBXFileReference; lastKnownFileType = image.png; path = key_a.png; sourceTree = "<group>"; };
		BB0F892618481B160010803C /* key_active.png */ = {isa = PBXFileReference; lastKnownFileType = image.png; path = key_active.png; sourceTree = "<group>"; };
		BB0F892718481B160010803C /* key_b_on.png */ = {isa = PBXFileReference; lastKnownFileType = image.png; path = key_b_on.png; sourceTree = "<group>"; };
		BB0F892818481B160010803C /* key_b.png */ = {isa = PBXFileReference; lastKnownFileType = image.png; path = key_b.png; sourceTree = "<group>"; };
		BB0F892918481B160010803C /* key_c_on.png */ = {isa = PBXFileReference; lastKnownFileType = image.png; path = key_c_on.png; sourceTree = "<group>"; };
		BB0F892A18481B160010803C /* key_c.png */ = {isa = PBXFileReference; lastKnownFileType = image.png; path = key_c.png; sourceTree = "<group>"; };
		BB0F892B18481B160010803C /* key_cis_on.png */ = {isa = PBXFileReference; lastKnownFileType = image.png; path = key_cis_on.png; sourceTree = "<group>"; };
		BB0F892C18481B160010803C /* key_cis.png */ = {isa = PBXFileReference; lastKnownFileType = image.png; path = key_cis.png; sourceTree = "<group>"; };
		BB0F892D18481B160010803C /* key_d_on.png */ = {isa = PBXFileReference; lastKnownFileType = image.png; path = key_d_on.png; sourceTree = "<group>"; };
		BB0F892E18481B160010803C /* key_d.png */ = {isa = PBXFileReference; lastKnownFileType = image.png; path = key_d.png; sourceTree = "<group>"; };
		BB0F892F18481B160010803C /* key_dis_on.png */ = {isa = PBXFileReference; lastKnownFileType = image.png; path = key_dis_on.png; sourceTree = "<group>"; };
		BB0F893018481B160010803C /* key_dis.png */ = {isa = PBXFileReference; lastKnownFileType = image.png; path = key_dis.png; sourceTree = "<group>"; };
		BB0F893118481B160010803C /* key_e_on.png */ = {isa = PBXFileReference; lastKnownFileType = image.png; path = key_e_on.png; sourceTree = "<group>"; };
		BB0F893218481B160010803C /* key_e.png */ = {isa = PBXFileReference; lastKnownFileType = image.png; path = key_e.png; sourceTree = "<group>"; };
		BB0F893318481B160010803C /* key_f_on.png */ = {isa = PBXFileReference; lastKnownFileType = image.png; path = key_f_on.png; sourceTree = "<group>"; };
		BB0F893418481B160010803C /* key_f.png */ = {isa = PBXFileReference; lastKnownFileType = image.png; path = key_f.png; sourceTree = "<group>"; };
		BB0F893518481B160010803C /* key_fis_on.png */ = {isa = PBXFileReference; lastKnownFileType = image.png; path = key_fis_on.png; sourceTree = "<group>"; };
		BB0F893618481B160010803C /* key_fis.png */ = {isa = PBXFileReference; lastKnownFileType = image.png; path = key_fis.png; sourceTree = "<group>"; };
		BB0F893718481B160010803C /* key_g_on.png */ = {isa = PBXFileReference; lastKnownFileType = image.png; path = key_g_on.png; sourceTree = "<group>"; };
		BB0F893818481B160010803C /* key_g.png */ = {isa = PBXFileReference; lastKnownFileType = image.png; path = key_g.png; sourceTree = "<group>"; };
		BB0F893918481B160010803C /* key_gis_on.png */ = {isa = PBXFileReference; lastKnownFileType = image.png; path = key_gis_on.png; sourceTree = "<group>"; };
		BB0F893A18481B160010803C /* key_gis.png */ = {isa = PBXFileReference; lastKnownFileType = image.png; path = key_gis.png; sourceTree = "<group>"; };
		BB0F893B18481B160010803C /* key_h_on.png */ = {isa = PBXFileReference; lastKnownFileType = image.png; path = key_h_on.png; sourceTree = "<group>"; };
		BB0F893C18481B160010803C /* key_h.png */ = {isa = PBXFileReference; lastKnownFileType = image.png; path = key_h.png; sourceTree = "<group>"; };
		BB0F893D18481B160010803C /* keyboard_slider.png */ = {isa = PBXFileReference; lastKnownFileType = image.png; path = keyboard_slider.png; sourceTree = "<group>"; };
		BB0F893E18481B160010803C /* skeleton.png */ = {isa = PBXFileReference; lastKnownFileType = image.png; path = skeleton.png; sourceTree = "<group>"; };
		BB0F893F18481B160010803C /* slider_tempo.png */ = {isa = PBXFileReference; lastKnownFileType = image.png; path = slider_tempo.png; sourceTree = "<group>"; };
		BB0F894018481B160010803C /* slider_vol.png */ = {isa = PBXFileReference; lastKnownFileType = image.png; path = slider_vol.png; sourceTree = "<group>"; };
		BB0F894118481B160010803C /* top_bg.png */ = {isa = PBXFileReference; lastKnownFileType = image.png; path = top_bg.png; sourceTree = "<group>"; };
		BB2204BE1845C35D008A5F56 /* click.mp3 */ = {isa = PBXFileReference; lastKnownFileType = audio.mp3; path = click.mp3; sourceTree = "<group>"; };
		BB77314518424B03004E8C86 /* WAON.app */ = {isa = PBXFileReference; explicitFileType = wrapper.application; includeInIndex = 0; path = WAON.app; sourceTree = BUILT_PRODUCTS_DIR; };
		BB77314818424B03004E8C86 /* Foundation.framework */ = {isa = PBXFileReference; lastKnownFileType = wrapper.framework; name = Foundation.framework; path = System/Library/Frameworks/Foundation.framework; sourceTree = SDKROOT; };
		BB77314A18424B03004E8C86 /* CoreGraphics.framework */ = {isa = PBXFileReference; lastKnownFileType = wrapper.framework; name = CoreGraphics.framework; path = System/Library/Frameworks/CoreGraphics.framework; sourceTree = SDKROOT; };
		BB77314C18424B03004E8C86 /* UIKit.framework */ = {isa = PBXFileReference; lastKnownFileType = wrapper.framework; name = UIKit.framework; path = System/Library/Frameworks/UIKit.framework; sourceTree = SDKROOT; };
		BB77315018424B03004E8C86 /* WAON-Info.plist */ = {isa = PBXFileReference; lastKnownFileType = text.plist.xml; path = "WAON-Info.plist"; sourceTree = "<group>"; };
		BB77315218424B03004E8C86 /* en */ = {isa = PBXFileReference; lastKnownFileType = text.plist.strings; name = en; path = en.lproj/InfoPlist.strings; sourceTree = "<group>"; };
		BB77315418424B03004E8C86 /* main.m */ = {isa = PBXFileReference; lastKnownFileType = sourcecode.c.objc; path = main.m; sourceTree = "<group>"; };
		BB77315618424B03004E8C86 /* WAON-Prefix.pch */ = {isa = PBXFileReference; lastKnownFileType = sourcecode.c.h; path = "WAON-Prefix.pch"; sourceTree = "<group>"; };
		BB77315718424B03004E8C86 /* MKNDAppDelegate.h */ = {isa = PBXFileReference; lastKnownFileType = sourcecode.c.h; path = MKNDAppDelegate.h; sourceTree = "<group>"; };
		BB77315818424B03004E8C86 /* MKNDAppDelegate.m */ = {isa = PBXFileReference; lastKnownFileType = sourcecode.c.objc; path = MKNDAppDelegate.m; sourceTree = "<group>"; };
		BB77315A18424B03004E8C86 /* Images.xcassets */ = {isa = PBXFileReference; lastKnownFileType = folder.assetcatalog; path = Images.xcassets; sourceTree = "<group>"; };
		BB77316018424B03004E8C86 /* WAONTests.xctest */ = {isa = PBXFileReference; explicitFileType = wrapper.cfbundle; includeInIndex = 0; path = WAONTests.xctest; sourceTree = BUILT_PRODUCTS_DIR; };
		BB77316118424B03004E8C86 /* XCTest.framework */ = {isa = PBXFileReference; lastKnownFileType = wrapper.framework; name = XCTest.framework; path = Library/Frameworks/XCTest.framework; sourceTree = DEVELOPER_DIR; };
		BB77316918424B03004E8C86 /* WAONTests-Info.plist */ = {isa = PBXFileReference; lastKnownFileType = text.plist.xml; path = "WAONTests-Info.plist"; sourceTree = "<group>"; };
		BB77316B18424B03004E8C86 /* en */ = {isa = PBXFileReference; lastKnownFileType = text.plist.strings; name = en; path = en.lproj/InfoPlist.strings; sourceTree = "<group>"; };
		BB77316D18424B03004E8C86 /* WAONTests.m */ = {isa = PBXFileReference; lastKnownFileType = sourcecode.c.objc; path = WAONTests.m; sourceTree = "<group>"; };
		BB77317718424BF2004E8C86 /* MainViewController.h */ = {isa = PBXFileReference; fileEncoding = 4; lastKnownFileType = sourcecode.c.h; path = MainViewController.h; sourceTree = "<group>"; };
		BB77317818424BF2004E8C86 /* MainViewController.m */ = {isa = PBXFileReference; fileEncoding = 4; lastKnownFileType = sourcecode.c.objc; path = MainViewController.m; sourceTree = "<group>"; };
		BB77317A18424CF3004E8C86 /* HelpViewController.h */ = {isa = PBXFileReference; fileEncoding = 4; lastKnownFileType = sourcecode.c.h; path = HelpViewController.h; sourceTree = "<group>"; };
		BB77317B18424CF3004E8C86 /* HelpViewController.m */ = {isa = PBXFileReference; fileEncoding = 4; lastKnownFileType = sourcecode.c.objc; path = HelpViewController.m; sourceTree = "<group>"; };
		BB77317C18424CF3004E8C86 /* InfoViewController.h */ = {isa = PBXFileReference; fileEncoding = 4; lastKnownFileType = sourcecode.c.h; path = InfoViewController.h; sourceTree = "<group>"; };
		BB77317D18424CF3004E8C86 /* InfoViewController.m */ = {isa = PBXFileReference; fileEncoding = 4; lastKnownFileType = sourcecode.c.objc; path = InfoViewController.m; sourceTree = "<group>"; };
		BB77317E18424CF3004E8C86 /* UIShadowLabel.h */ = {isa = PBXFileReference; fileEncoding = 4; lastKnownFileType = sourcecode.c.h; path = UIShadowLabel.h; sourceTree = "<group>"; };
		BB77317F18424CF3004E8C86 /* UIShadowLabel.m */ = {isa = PBXFileReference; fileEncoding = 4; lastKnownFileType = sourcecode.c.objc; path = UIShadowLabel.m; sourceTree = "<group>"; };
		BB77318418424E7A004E8C86 /* AGA-Rasheeq-Bold.ttf */ = {isa = PBXFileReference; lastKnownFileType = file; path = "AGA-Rasheeq-Bold.ttf"; sourceTree = "<group>"; };
		BB77318518424E7A004E8C86 /* AGA-Rasheeq-Regular.ttf */ = {isa = PBXFileReference; lastKnownFileType = file; path = "AGA-Rasheeq-Regular.ttf"; sourceTree = "<group>"; };
		BB77318718424E7A004E8C86 /* oto.png */ = {isa = PBXFileReference; lastKnownFileType = image.png; path = oto.png; sourceTree = "<group>"; };
		BB77318818424E7A004E8C86 /* test.pdf */ = {isa = PBXFileReference; lastKnownFileType = image.pdf; path = test.pdf; sourceTree = "<group>"; };
		BB77318918424E7A004E8C86 /* test.png */ = {isa = PBXFileReference; lastKnownFileType = image.png; path = test.png; sourceTree = "<group>"; };
		BB77318A18424E7A004E8C86 /* test.rtfd */ = {isa = PBXFileReference; lastKnownFileType = wrapper.rtfd; path = test.rtfd; sourceTree = "<group>"; };
		BB77318B18424E7A004E8C86 /* test.rtfd.zip */ = {isa = PBXFileReference; lastKnownFileType = archive.zip; path = test.rtfd.zip; sourceTree = "<group>"; };
		BB7731BB18424E7A004E8C86 /* count.m4a */ = {isa = PBXFileReference; lastKnownFileType = file; path = count.m4a; sourceTree = "<group>"; };
/* End PBXFileReference section */

/* Begin PBXFrameworksBuildPhase section */
		BB77314218424B03004E8C86 /* Frameworks */ = {
			isa = PBXFrameworksBuildPhase;
			buildActionMask = 2147483647;
			files = (
				BB77314B18424B03004E8C86 /* CoreGraphics.framework in Frameworks */,
				BB77314D18424B03004E8C86 /* UIKit.framework in Frameworks */,
				BB77314918424B03004E8C86 /* Foundation.framework in Frameworks */,
			);
			runOnlyForDeploymentPostprocessing = 0;
		};
		BB77315D18424B03004E8C86 /* Frameworks */ = {
			isa = PBXFrameworksBuildPhase;
			buildActionMask = 2147483647;
			files = (
				BB77316218424B03004E8C86 /* XCTest.framework in Frameworks */,
				BB77316418424B03004E8C86 /* UIKit.framework in Frameworks */,
				BB77316318424B03004E8C86 /* Foundation.framework in Frameworks */,
			);
			runOnlyForDeploymentPostprocessing = 0;
		};
/* End PBXFrameworksBuildPhase section */

/* Begin PBXGroup section */
		BB77313C18424B03004E8C86 = {
			isa = PBXGroup;
			children = (
				BB77314E18424B03004E8C86 /* WAON */,
				BB77316718424B03004E8C86 /* WAONTests */,
				BB77314718424B03004E8C86 /* Frameworks */,
				BB77314618424B03004E8C86 /* Products */,
				BB77318318424E7A004E8C86 /* res */,
			);
			sourceTree = "<group>";
		};
		BB77314618424B03004E8C86 /* Products */ = {
			isa = PBXGroup;
			children = (
				BB77314518424B03004E8C86 /* WAON.app */,
				BB77316018424B03004E8C86 /* WAONTests.xctest */,
			);
			name = Products;
			sourceTree = "<group>";
		};
		BB77314718424B03004E8C86 /* Frameworks */ = {
			isa = PBXGroup;
			children = (
				BB77314818424B03004E8C86 /* Foundation.framework */,
				BB77314A18424B03004E8C86 /* CoreGraphics.framework */,
				BB77314C18424B03004E8C86 /* UIKit.framework */,
				BB77316118424B03004E8C86 /* XCTest.framework */,
			);
			name = Frameworks;
			sourceTree = "<group>";
		};
		BB77314E18424B03004E8C86 /* WAON */ = {
			isa = PBXGroup;
			children = (
				BB77317A18424CF3004E8C86 /* HelpViewController.h */,
				BB77317B18424CF3004E8C86 /* HelpViewController.m */,
				BB77317C18424CF3004E8C86 /* InfoViewController.h */,
				BB77317D18424CF3004E8C86 /* InfoViewController.m */,
				BB77317E18424CF3004E8C86 /* UIShadowLabel.h */,
				BB77317F18424CF3004E8C86 /* UIShadowLabel.m */,
				BB77317718424BF2004E8C86 /* MainViewController.h */,
				BB77317818424BF2004E8C86 /* MainViewController.m */,
				BB77315718424B03004E8C86 /* MKNDAppDelegate.h */,
				BB77315818424B03004E8C86 /* MKNDAppDelegate.m */,
				BB77315A18424B03004E8C86 /* Images.xcassets */,
				BB77314F18424B03004E8C86 /* Supporting Files */,
			);
			path = WAON;
			sourceTree = "<group>";
		};
		BB77314F18424B03004E8C86 /* Supporting Files */ = {
			isa = PBXGroup;
			children = (
				BB77315018424B03004E8C86 /* WAON-Info.plist */,
				BB77315118424B03004E8C86 /* InfoPlist.strings */,
				BB77315418424B03004E8C86 /* main.m */,
				BB77315618424B03004E8C86 /* WAON-Prefix.pch */,
			);
			name = "Supporting Files";
			sourceTree = "<group>";
		};
		BB77316718424B03004E8C86 /* WAONTests */ = {
			isa = PBXGroup;
			children = (
				BB77316D18424B03004E8C86 /* WAONTests.m */,
				BB77316818424B03004E8C86 /* Supporting Files */,
			);
			path = WAONTests;
			sourceTree = "<group>";
		};
		BB77316818424B03004E8C86 /* Supporting Files */ = {
			isa = PBXGroup;
			children = (
				BB77316918424B03004E8C86 /* WAONTests-Info.plist */,
				BB77316A18424B03004E8C86 /* InfoPlist.strings */,
			);
			name = "Supporting Files";
			sourceTree = "<group>";
		};
		BB77318318424E7A004E8C86 /* res */ = {
			isa = PBXGroup;
			children = (
				BB77318418424E7A004E8C86 /* AGA-Rasheeq-Bold.ttf */,
				BB77318518424E7A004E8C86 /* AGA-Rasheeq-Regular.ttf */,
				BB77318618424E7A004E8C86 /* html */,
				BB77318C18424E7A004E8C86 /* image */,
				BB7731BA18424E7A004E8C86 /* sound */,
			);
			name = res;
			path = WAON/res;
			sourceTree = "<group>";
		};
		BB77318618424E7A004E8C86 /* html */ = {
			isa = PBXGroup;
			children = (
				BB77318718424E7A004E8C86 /* oto.png */,
				BB77318818424E7A004E8C86 /* test.pdf */,
				BB77318918424E7A004E8C86 /* test.png */,
				BB77318A18424E7A004E8C86 /* test.rtfd */,
				BB77318B18424E7A004E8C86 /* test.rtfd.zip */,
			);
			path = html;
			sourceTree = "<group>";
		};
		BB77318C18424E7A004E8C86 /* image */ = {
			isa = PBXGroup;
			children = (
				BB0F88FA18481B160010803C /* bt_active.png */,
				BB0F88FB18481B160010803C /* bt_help.png */,
				BB0F88FC18481B160010803C /* bt_info.png */,
				BB0F88FD18481B160010803C /* bt_metronom_active.png */,
				BB0F88FE18481B160010803C /* bt_metronom_off.png */,
				BB0F88FF18481B160010803C /* bt_metronom_on.png */,
				BB0F890018481B160010803C /* bt_minus_off.png */,
				BB0F890118481B160010803C /* bt_minus_on.png */,
				BB0F890218481B160010803C /* bt_off.png */,
				BB0F890318481B160010803C /* bt_on.png */,
				BB0F890418481B160010803C /* bt_plus_off.png */,
				BB0F890518481B160010803C /* bt_plus_on.png */,
				BB0F890618481B160010803C /* help_1.png */,
				BB0F890718481B160010803C /* help_appendix.png */,
				BB0F890818481B160010803C /* help1.png */,
				BB0F890918481B160010803C /* help2.png */,
				BB0F890A18481B160010803C /* help3.png */,
				BB0F890B18481B160010803C /* howto_title.png */,
				BB0F890C18481B160010803C /* howto_txt_1.png */,
				BB0F890D18481B160010803C /* howto_txt_2.png */,
				BB0F890E18481B160010803C /* howto_txt_3.png */,
				BB0F890F18481B160010803C /* howto_txt_4.png */,
				BB0F891018481B160010803C /* howto_txt_5.png */,
				BB0F891118481B160010803C /* howto1.png */,
				BB0F891218481B160010803C /* howto2.png */,
				BB0F891318481B160010803C /* howto3.png */,
				BB0F891418481B160010803C /* howto4.png */,
				BB0F891518481B160010803C /* howto5.png */,
				BB0F891618481B160010803C /* Icon_29.png */,
				BB0F891718481B160010803C /* Icon_40.png */,
				BB0F891818481B160010803C /* Icon_50.png */,
				BB0F891918481B160010803C /* Icon_58.png */,
				BB0F891A18481B160010803C /* Icon_72.png */,
				BB0F891B18481B160010803C /* Icon_76.png */,
				BB0F891C18481B160010803C /* Icon_80.png */,
				BB0F891D18481B160010803C /* Icon_100.png */,
				BB0F891E18481B160010803C /* Icon_144.png */,
				BB0F891F18481B160010803C /* Icon_152.png */,
				BB0F892018481B160010803C /* Icon_512.png */,
				BB0F892118481B160010803C /* Icon_1024.png */,
				BB0F892218481B160010803C /* info_close.png */,
				BB0F892318481B160010803C /* info_text.png */,
				BB0F892418481B160010803C /* key_a_on.png */,
				BB0F892518481B160010803C /* key_a.png */,
				BB0F892618481B160010803C /* key_active.png */,
				BB0F892718481B160010803C /* key_b_on.png */,
				BB0F892818481B160010803C /* key_b.png */,
				BB0F892918481B160010803C /* key_c_on.png */,
				BB0F892A18481B160010803C /* key_c.png */,
				BB0F892B18481B160010803C /* key_cis_on.png */,
				BB0F892C18481B160010803C /* key_cis.png */,
				BB0F892D18481B160010803C /* key_d_on.png */,
				BB0F892E18481B160010803C /* key_d.png */,
				BB0F892F18481B160010803C /* key_dis_on.png */,
				BB0F893018481B160010803C /* key_dis.png */,
				BB0F893118481B160010803C /* key_e_on.png */,
				BB0F893218481B160010803C /* key_e.png */,
				BB0F893318481B160010803C /* key_f_on.png */,
				BB0F893418481B160010803C /* key_f.png */,
				BB0F893518481B160010803C /* key_fis_on.png */,
				BB0F893618481B160010803C /* key_fis.png */,
				BB0F893718481B160010803C /* key_g_on.png */,
				BB0F893818481B160010803C /* key_g.png */,
				BB0F893918481B160010803C /* key_gis_on.png */,
				BB0F893A18481B160010803C /* key_gis.png */,
				BB0F893B18481B160010803C /* key_h_on.png */,
				BB0F893C18481B160010803C /* key_h.png */,
				BB0F893D18481B160010803C /* keyboard_slider.png */,
				BB0F893E18481B160010803C /* skeleton.png */,
				BB0F893F18481B160010803C /* slider_tempo.png */,
				BB0F894018481B160010803C /* slider_vol.png */,
				BB0F894118481B160010803C /* top_bg.png */,
			);
			path = image;
			sourceTree = "<group>";
		};
		BB7731BA18424E7A004E8C86 /* sound */ = {
			isa = PBXGroup;
			children = (
				BB2204BE1845C35D008A5F56 /* click.mp3 */,
				BB7731BB18424E7A004E8C86 /* count.m4a */,
			);
			path = sound;
			sourceTree = "<group>";
		};
/* End PBXGroup section */

/* Begin PBXNativeTarget section */
		BB77314418424B03004E8C86 /* WAON */ = {
			isa = PBXNativeTarget;
			buildConfigurationList = BB77317118424B03004E8C86 /* Build configuration list for PBXNativeTarget "WAON" */;
			buildPhases = (
				BB77314118424B03004E8C86 /* Sources */,
				BB77314218424B03004E8C86 /* Frameworks */,
				BB77314318424B03004E8C86 /* Resources */,
			);
			buildRules = (
			);
			dependencies = (
			);
			name = WAON;
			productName = WAON;
			productReference = BB77314518424B03004E8C86 /* WAON.app */;
			productType = "com.apple.product-type.application";
		};
		BB77315F18424B03004E8C86 /* WAONTests */ = {
			isa = PBXNativeTarget;
			buildConfigurationList = BB77317418424B03004E8C86 /* Build configuration list for PBXNativeTarget "WAONTests" */;
			buildPhases = (
				BB77315C18424B03004E8C86 /* Sources */,
				BB77315D18424B03004E8C86 /* Frameworks */,
				BB77315E18424B03004E8C86 /* Resources */,
			);
			buildRules = (
			);
			dependencies = (
				BB77316618424B03004E8C86 /* PBXTargetDependency */,
			);
			name = WAONTests;
			productName = WAONTests;
			productReference = BB77316018424B03004E8C86 /* WAONTests.xctest */;
			productType = "com.apple.product-type.bundle.unit-test";
		};
/* End PBXNativeTarget section */

/* Begin PBXProject section */
		BB77313D18424B03004E8C86 /* Project object */ = {
			isa = PBXProject;
			attributes = {
				CLASSPREFIX = MKND;
				LastUpgradeCheck = 0500;
				ORGANIZATIONNAME = mknod;
				TargetAttributes = {
					BB77315F18424B03004E8C86 = {
						TestTargetID = BB77314418424B03004E8C86;
					};
				};
			};
			buildConfigurationList = BB77314018424B03004E8C86 /* Build configuration list for PBXProject "WAON" */;
			compatibilityVersion = "Xcode 3.2";
			developmentRegion = English;
			hasScannedForEncodings = 0;
			knownRegions = (
				en,
			);
			mainGroup = BB77313C18424B03004E8C86;
			productRefGroup = BB77314618424B03004E8C86 /* Products */;
			projectDirPath = "";
			projectRoot = "";
			targets = (
				BB77314418424B03004E8C86 /* WAON */,
				BB77315F18424B03004E8C86 /* WAONTests */,
			);
		};
/* End PBXProject section */

/* Begin PBXResourcesBuildPhase section */
		BB77314318424B03004E8C86 /* Resources */ = {
			isa = PBXResourcesBuildPhase;
			buildActionMask = 2147483647;
			files = (
				BB0F895B18481B160010803C /* howto3.png in Resources */,
				BB7731F018424E7A004E8C86 /* count.m4a in Resources */,
				BB0F897018481B160010803C /* key_b.png in Resources */,
				BB0F895C18481B160010803C /* howto4.png in Resources */,
				BB0F898418481B170010803C /* key_h.png in Resources */,
				BB0F894218481B160010803C /* bt_active.png in Resources */,
				BB0F895818481B160010803C /* howto_txt_5.png in Resources */,
				BB0F898918481B170010803C /* top_bg.png in Resources */,
				BB0F895918481B160010803C /* howto1.png in Resources */,
				BB0F896D18481B160010803C /* key_a.png in Resources */,
				BB0F896618481B160010803C /* Icon_144.png in Resources */,
				BB0F894818481B160010803C /* bt_minus_off.png in Resources */,
				BB0F897C18481B160010803C /* key_f.png in Resources */,
				BB0F895E18481B160010803C /* Icon_29.png in Resources */,
				BB0F895D18481B160010803C /* howto5.png in Resources */,
				BB0F897318481B160010803C /* key_cis_on.png in Resources */,
				BB0F897418481B160010803C /* key_cis.png in Resources */,
				BB0F894718481B160010803C /* bt_metronom_on.png in Resources */,
				BB0F896918481B160010803C /* Icon_1024.png in Resources */,
				BB0F898318481B170010803C /* key_h_on.png in Resources */,
				BB7731BD18424E7A004E8C86 /* AGA-Rasheeq-Regular.ttf in Resources */,
				BB0F894C18481B160010803C /* bt_plus_off.png in Resources */,
				BB0F897D18481B160010803C /* key_fis_on.png in Resources */,
				BB0F897F18481B170010803C /* key_g_on.png in Resources */,
				BB0F896B18481B160010803C /* info_text.png in Resources */,
				BB0F895018481B160010803C /* help1.png in Resources */,
				BB77315B18424B03004E8C86 /* Images.xcassets in Resources */,
				BB0F897918481B160010803C /* key_e_on.png in Resources */,
				BB0F897718481B160010803C /* key_dis_on.png in Resources */,
				BB0F896418481B160010803C /* Icon_80.png in Resources */,
				BB0F897118481B160010803C /* key_c_on.png in Resources */,
				BB0F894618481B160010803C /* bt_metronom_off.png in Resources */,
				BB7731BC18424E7A004E8C86 /* AGA-Rasheeq-Bold.ttf in Resources */,
				BB0F898118481B170010803C /* key_gis_on.png in Resources */,
				BB0F896E18481B160010803C /* key_active.png in Resources */,
				BB0F897518481B160010803C /* key_d_on.png in Resources */,
				BB0F898218481B170010803C /* key_gis.png in Resources */,
				BB0F895118481B160010803C /* help2.png in Resources */,
				BB0F894B18481B160010803C /* bt_on.png in Resources */,
				BB0F896318481B160010803C /* Icon_76.png in Resources */,
				BB0F897618481B160010803C /* key_d.png in Resources */,
				BB0F896118481B160010803C /* Icon_58.png in Resources */,
				BB0F896218481B160010803C /* Icon_72.png in Resources */,
				BB0F896F18481B160010803C /* key_b_on.png in Resources */,
				BB0F898518481B170010803C /* keyboard_slider.png in Resources */,
				BB0F898018481B170010803C /* key_g.png in Resources */,
				BB0F895218481B160010803C /* help3.png in Resources */,
				BB0F894E18481B160010803C /* help_1.png in Resources */,
				BB0F895518481B160010803C /* howto_txt_2.png in Resources */,
				BB0F898818481B170010803C /* slider_vol.png in Resources */,
				BB0F894D18481B160010803C /* bt_plus_on.png in Resources */,
				BB0F896818481B160010803C /* Icon_512.png in Resources */,
				BB0F897B18481B160010803C /* key_f_on.png in Resources */,
				BB0F894318481B160010803C /* bt_help.png in Resources */,
				BB0F898618481B170010803C /* skeleton.png in Resources */,
				BB2204BF1845C35D008A5F56 /* click.mp3 in Resources */,
				BB0F895618481B160010803C /* howto_txt_3.png in Resources */,
				BB0F895318481B160010803C /* howto_title.png in Resources */,
				BB0F895A18481B160010803C /* howto2.png in Resources */,
				BB0F896018481B160010803C /* Icon_50.png in Resources */,
				BB0F897E18481B170010803C /* key_fis.png in Resources */,
				BB0F896C18481B160010803C /* key_a_on.png in Resources */,
				BB0F895418481B160010803C /* howto_txt_1.png in Resources */,
				BB0F895718481B160010803C /* howto_txt_4.png in Resources */,
				BB0F896718481B160010803C /* Icon_152.png in Resources */,
				BB0F897818481B160010803C /* key_dis.png in Resources */,
				BB0F896518481B160010803C /* Icon_100.png in Resources */,
				BB0F894518481B160010803C /* bt_metronom_active.png in Resources */,
				BB0F898718481B170010803C /* slider_tempo.png in Resources */,
				BB0F894F18481B160010803C /* help_appendix.png in Resources */,
				BB0F894A18481B160010803C /* bt_off.png in Resources */,
				BB0F897218481B160010803C /* key_c.png in Resources */,
				BB0F897A18481B160010803C /* key_e.png in Resources */,
				BB0F895F18481B160010803C /* Icon_40.png in Resources */,
				BB0F894418481B160010803C /* bt_info.png in Resources */,
				BB0F896A18481B160010803C /* info_close.png in Resources */,
				BB0F894918481B160010803C /* bt_minus_on.png in Resources */,
			);
			runOnlyForDeploymentPostprocessing = 0;
		};
		BB77315E18424B03004E8C86 /* Resources */ = {
			isa = PBXResourcesBuildPhase;
			buildActionMask = 2147483647;
			files = (
				BB77316C18424B03004E8C86 /* InfoPlist.strings in Resources */,
			);
			runOnlyForDeploymentPostprocessing = 0;
		};
/* End PBXResourcesBuildPhase section */

/* Begin PBXSourcesBuildPhase section */
		BB77314118424B03004E8C86 /* Sources */ = {
			isa = PBXSourcesBuildPhase;
			buildActionMask = 2147483647;
			files = (
				BB77315918424B03004E8C86 /* MKNDAppDelegate.m in Sources */,
				BB77317918424BF2004E8C86 /* MainViewController.m in Sources */,
				BB77318218424CF3004E8C86 /* UIShadowLabel.m in Sources */,
				BB77315518424B03004E8C86 /* main.m in Sources */,
				BB77318118424CF3004E8C86 /* InfoViewController.m in Sources */,
				BB77318018424CF3004E8C86 /* HelpViewController.m in Sources */,
			);
			runOnlyForDeploymentPostprocessing = 0;
		};
		BB77315C18424B03004E8C86 /* Sources */ = {
			isa = PBXSourcesBuildPhase;
			buildActionMask = 2147483647;
			files = (
				BB77316E18424B03004E8C86 /* WAONTests.m in Sources */,
			);
			runOnlyForDeploymentPostprocessing = 0;
		};
/* End PBXSourcesBuildPhase section */

/* Begin PBXTargetDependency section */
		BB77316618424B03004E8C86 /* PBXTargetDependency */ = {
			isa = PBXTargetDependency;
			target = BB77314418424B03004E8C86 /* WAON */;
			targetProxy = BB77316518424B03004E8C86 /* PBXContainerItemProxy */;
		};
/* End PBXTargetDependency section */

/* Begin PBXVariantGroup section */
		BB77315118424B03004E8C86 /* InfoPlist.strings */ = {
			isa = PBXVariantGroup;
			children = (
				BB77315218424B03004E8C86 /* en */,
			);
			name = InfoPlist.strings;
			sourceTree = "<group>";
		};
		BB77316A18424B03004E8C86 /* InfoPlist.strings */ = {
			isa = PBXVariantGroup;
			children = (
				BB77316B18424B03004E8C86 /* en */,
			);
			name = InfoPlist.strings;
			sourceTree = "<group>";
		};
/* End PBXVariantGroup section */

/* Begin XCBuildConfiguration section */
		BB77316F18424B03004E8C86 /* Debug */ = {
			isa = XCBuildConfiguration;
			buildSettings = {
				ALWAYS_SEARCH_USER_PATHS = NO;
				ARCHS = "$(ARCHS_STANDARD_INCLUDING_64_BIT)";
				CLANG_CXX_LANGUAGE_STANDARD = "gnu++0x";
				CLANG_CXX_LIBRARY = "libc++";
				CLANG_ENABLE_MODULES = YES;
				CLANG_ENABLE_OBJC_ARC = YES;
				CLANG_WARN_BOOL_CONVERSION = YES;
				CLANG_WARN_CONSTANT_CONVERSION = YES;
				CLANG_WARN_DIRECT_OBJC_ISA_USAGE = YES_ERROR;
				CLANG_WARN_EMPTY_BODY = YES;
				CLANG_WARN_ENUM_CONVERSION = YES;
				CLANG_WARN_INT_CONVERSION = YES;
				CLANG_WARN_OBJC_ROOT_CLASS = YES_ERROR;
				CLANG_WARN__DUPLICATE_METHOD_MATCH = YES;
				"CODE_SIGN_IDENTITY[sdk=iphoneos*]" = "iPhone Developer";
				COPY_PHASE_STRIP = NO;
				GCC_C_LANGUAGE_STANDARD = gnu99;
				GCC_DYNAMIC_NO_PIC = NO;
				GCC_OPTIMIZATION_LEVEL = 0;
				GCC_PREPROCESSOR_DEFINITIONS = (
					"DEBUG=1",
					"$(inherited)",
				);
				GCC_SYMBOLS_PRIVATE_EXTERN = NO;
				GCC_WARN_64_TO_32_BIT_CONVERSION = YES;
				GCC_WARN_ABOUT_RETURN_TYPE = YES_ERROR;
				GCC_WARN_UNDECLARED_SELECTOR = YES;
				GCC_WARN_UNINITIALIZED_AUTOS = YES;
				GCC_WARN_UNUSED_FUNCTION = YES;
				GCC_WARN_UNUSED_VARIABLE = YES;
				IPHONEOS_DEPLOYMENT_TARGET = 6.1;
				ONLY_ACTIVE_ARCH = YES;
				SDKROOT = iphoneos;
				TARGETED_DEVICE_FAMILY = 2;
			};
			name = Debug;
		};
		BB77317018424B03004E8C86 /* Release */ = {
			isa = XCBuildConfiguration;
			buildSettings = {
				ALWAYS_SEARCH_USER_PATHS = NO;
				ARCHS = "$(ARCHS_STANDARD_INCLUDING_64_BIT)";
				CLANG_CXX_LANGUAGE_STANDARD = "gnu++0x";
				CLANG_CXX_LIBRARY = "libc++";
				CLANG_ENABLE_MODULES = YES;
				CLANG_ENABLE_OBJC_ARC = YES;
				CLANG_WARN_BOOL_CONVERSION = YES;
				CLANG_WARN_CONSTANT_CONVERSION = YES;
				CLANG_WARN_DIRECT_OBJC_ISA_USAGE = YES_ERROR;
				CLANG_WARN_EMPTY_BODY = YES;
				CLANG_WARN_ENUM_CONVERSION = YES;
				CLANG_WARN_INT_CONVERSION = YES;
				CLANG_WARN_OBJC_ROOT_CLASS = YES_ERROR;
				CLANG_WARN__DUPLICATE_METHOD_MATCH = YES;
				CODE_SIGN_IDENTITY = "iPhone Distribution";
				"CODE_SIGN_IDENTITY[sdk=iphoneos*]" = "iPhone Developer";
				COPY_PHASE_STRIP = YES;
				ENABLE_NS_ASSERTIONS = NO;
				GCC_C_LANGUAGE_STANDARD = gnu99;
				GCC_WARN_64_TO_32_BIT_CONVERSION = YES;
				GCC_WARN_ABOUT_RETURN_TYPE = YES_ERROR;
				GCC_WARN_UNDECLARED_SELECTOR = YES;
				GCC_WARN_UNINITIALIZED_AUTOS = YES;
				GCC_WARN_UNUSED_FUNCTION = YES;
				GCC_WARN_UNUSED_VARIABLE = YES;
				IPHONEOS_DEPLOYMENT_TARGET = 6.1;
				SDKROOT = iphoneos;
				TARGETED_DEVICE_FAMILY = 2;
				VALIDATE_PRODUCT = YES;
			};
			name = Release;
		};
		BB77317218424B03004E8C86 /* Debug */ = {
			isa = XCBuildConfiguration;
			buildSettings = {
				ASSETCATALOG_COMPILER_LAUNCHIMAGE_NAME = LaunchImage;
				GCC_PRECOMPILE_PREFIX_HEADER = YES;
				GCC_PREFIX_HEADER = "WAON/WAON-Prefix.pch";
				INFOPLIST_FILE = "WAON/WAON-Info.plist";
				IPHONEOS_DEPLOYMENT_TARGET = 6.1;
				PRODUCT_NAME = "$(TARGET_NAME)";
				WRAPPER_EXTENSION = app;
			};
			name = Debug;
		};
		BB77317318424B03004E8C86 /* Release */ = {
			isa = XCBuildConfiguration;
			buildSettings = {
				ASSETCATALOG_COMPILER_LAUNCHIMAGE_NAME = LaunchImage;
				GCC_PRECOMPILE_PREFIX_HEADER = YES;
				GCC_PREFIX_HEADER = "WAON/WAON-Prefix.pch";
				INFOPLIST_FILE = "WAON/WAON-Info.plist";
				IPHONEOS_DEPLOYMENT_TARGET = 6.1;
				PRODUCT_NAME = "$(TARGET_NAME)";
				WRAPPER_EXTENSION = app;
			};
			name = Release;
		};
		BB77317518424B03004E8C86 /* Debug */ = {
			isa = XCBuildConfiguration;
			buildSettings = {
				ARCHS = "$(ARCHS_STANDARD_INCLUDING_64_BIT)";
				BUNDLE_LOADER = "$(BUILT_PRODUCTS_DIR)/WAON.app/WAON";
				FRAMEWORK_SEARCH_PATHS = (
					"$(SDKROOT)/Developer/Library/Frameworks",
					"$(inherited)",
					"$(DEVELOPER_FRAMEWORKS_DIR)",
				);
				GCC_PRECOMPILE_PREFIX_HEADER = YES;
				GCC_PREFIX_HEADER = "WAON/WAON-Prefix.pch";
				GCC_PREPROCESSOR_DEFINITIONS = (
					"DEBUG=1",
					"$(inherited)",
				);
				INFOPLIST_FILE = "WAONTests/WAONTests-Info.plist";
				PRODUCT_NAME = "$(TARGET_NAME)";
				TEST_HOST = "$(BUNDLE_LOADER)";
				WRAPPER_EXTENSION = xctest;
			};
			name = Debug;
		};
		BB77317618424B03004E8C86 /* Release */ = {
			isa = XCBuildConfiguration;
			buildSettings = {
				ARCHS = "$(ARCHS_STANDARD_INCLUDING_64_BIT)";
				BUNDLE_LOADER = "$(BUILT_PRODUCTS_DIR)/WAON.app/WAON";
				CODE_SIGN_IDENTITY = "iPhone Distribution: YUJIRO MIYABAYASHI (6N9984Z64L)";
				FRAMEWORK_SEARCH_PATHS = (
					"$(SDKROOT)/Developer/Library/Frameworks",
					"$(inherited)",
					"$(DEVELOPER_FRAMEWORKS_DIR)",
				);
				GCC_PRECOMPILE_PREFIX_HEADER = YES;
				GCC_PREFIX_HEADER = "WAON/WAON-Prefix.pch";
				INFOPLIST_FILE = "WAONTests/WAONTests-Info.plist";
				PRODUCT_NAME = "$(TARGET_NAME)";
				TEST_HOST = "$(BUNDLE_LOADER)";
				WRAPPER_EXTENSION = xctest;
			};
			name = Release;
		};
/* End XCBuildConfiguration section */

/* Begin XCConfigurationList section */
		BB77314018424B03004E8C86 /* Build configuration list for PBXProject "WAON" */ = {
			isa = XCConfigurationList;
			buildConfigurations = (
				BB77316F18424B03004E8C86 /* Debug */,
				BB77317018424B03004E8C86 /* Release */,
			);
			defaultConfigurationIsVisible = 0;
			defaultConfigurationName = Release;
		};
		BB77317118424B03004E8C86 /* Build configuration list for PBXNativeTarget "WAON" */ = {
			isa = XCConfigurationList;
			buildConfigurations = (
				BB77317218424B03004E8C86 /* Debug */,
				BB77317318424B03004E8C86 /* Release */,
			);
			defaultConfigurationIsVisible = 0;
			defaultConfigurationName = Release;
		};
		BB77317418424B03004E8C86 /* Build configuration list for PBXNativeTarget "WAONTests" */ = {
			isa = XCConfigurationList;
			buildConfigurations = (
				BB77317518424B03004E8C86 /* Debug */,
				BB77317618424B03004E8C86 /* Release */,
			);
			defaultConfigurationIsVisible = 0;
			defaultConfigurationName = Release;
		};
/* End XCConfigurationList section */
	};
	rootObject = BB77313D18424B03004E8C86 /* Project object */;
}
