// !$*UTF8*$!
{
	archiveVersion = 1;
	classes = {
	};
	objectVersion = 46;
	objects = {

/* Begin PBXBuildFile section */
		BB184BDE1844EA6D00CA4265 /* bt_on.png in Resources */ = {isa = PBXBuildFile; fileRef = BB184BDD1844EA6D00CA4265 /* bt_on.png */; };
		BB184BE21844F25400CA4265 /* bt_metronom_on.png in Resources */ = {isa = PBXBuildFile; fileRef = BB184BDF1844F25400CA4265 /* bt_metronom_on.png */; };
		BB184BE31844F25400CA4265 /* bt_minus_off.png in Resources */ = {isa = PBXBuildFile; fileRef = BB184BE01844F25400CA4265 /* bt_minus_off.png */; };
		BB184BE41844F25400CA4265 /* bt_minus_on.png in Resources */ = {isa = PBXBuildFile; fileRef = BB184BE11844F25400CA4265 /* bt_minus_on.png */; };
		BB184BE71844F26F00CA4265 /* bt_plus_off.png in Resources */ = {isa = PBXBuildFile; fileRef = BB184BE51844F26F00CA4265 /* bt_plus_off.png */; };
		BB184BE81844F26F00CA4265 /* bt_plus_on.png in Resources */ = {isa = PBXBuildFile; fileRef = BB184BE61844F26F00CA4265 /* bt_plus_on.png */; };
		BB2204B918459EA2008A5F56 /* howto_txt_1.png in Resources */ = {isa = PBXBuildFile; fileRef = BB2204B418459EA2008A5F56 /* howto_txt_1.png */; };
		BB2204BA18459EA2008A5F56 /* howto_txt_2.png in Resources */ = {isa = PBXBuildFile; fileRef = BB2204B518459EA2008A5F56 /* howto_txt_2.png */; };
		BB2204BB18459EA2008A5F56 /* howto_txt_3.png in Resources */ = {isa = PBXBuildFile; fileRef = BB2204B618459EA2008A5F56 /* howto_txt_3.png */; };
		BB2204BC18459EA2008A5F56 /* howto_txt_4.png in Resources */ = {isa = PBXBuildFile; fileRef = BB2204B718459EA2008A5F56 /* howto_txt_4.png */; };
		BB2204BD18459EA2008A5F56 /* howto_txt_5.png in Resources */ = {isa = PBXBuildFile; fileRef = BB2204B818459EA2008A5F56 /* howto_txt_5.png */; };
		BB2204BF1845C35D008A5F56 /* click.mp3 in Resources */ = {isa = PBXBuildFile; fileRef = BB2204BE1845C35D008A5F56 /* click.mp3 */; };
		BB2204C818472665008A5F56 /* Icon-72.png in Resources */ = {isa = PBXBuildFile; fileRef = BB2204C018472664008A5F56 /* Icon-72.png */; };
		BB2204C918472665008A5F56 /* Icon-72@2x.png in Resources */ = {isa = PBXBuildFile; fileRef = BB2204C118472664008A5F56 /* Icon-72@2x.png */; };
		BB2204CA18472665008A5F56 /* Icon-Small-50.png in Resources */ = {isa = PBXBuildFile; fileRef = BB2204C218472664008A5F56 /* Icon-Small-50.png */; };
		BB2204CB18472665008A5F56 /* Icon-Small-50@2x.png in Resources */ = {isa = PBXBuildFile; fileRef = BB2204C318472664008A5F56 /* Icon-Small-50@2x.png */; };
		BB2204CC18472665008A5F56 /* Icon-Small.png in Resources */ = {isa = PBXBuildFile; fileRef = BB2204C418472665008A5F56 /* Icon-Small.png */; };
		BB2204CD18472665008A5F56 /* Icon-Small@2x.png in Resources */ = {isa = PBXBuildFile; fileRef = BB2204C518472665008A5F56 /* Icon-Small@2x.png */; };
		BB2204CE18472665008A5F56 /* Icon.png in Resources */ = {isa = PBXBuildFile; fileRef = BB2204C618472665008A5F56 /* Icon.png */; };
		BB2204CF18472665008A5F56 /* Icon@2x.png in Resources */ = {isa = PBXBuildFile; fileRef = BB2204C718472665008A5F56 /* Icon@2x.png */; };
		BB2204D218477813008A5F56 /* Icon76-76.png in Resources */ = {isa = PBXBuildFile; fileRef = BB2204D018477813008A5F56 /* Icon76-76.png */; };
		BB2204D318477813008A5F56 /* Icon152-152.png in Resources */ = {isa = PBXBuildFile; fileRef = BB2204D118477813008A5F56 /* Icon152-152.png */; };
		BB77314918424B03004E8C86 /* Foundation.framework in Frameworks */ = {isa = PBXBuildFile; fileRef = BB77314818424B03004E8C86 /* Foundation.framework */; };
		BB77314B18424B03004E8C86 /* CoreGraphics.framework in Frameworks */ = {isa = PBXBuildFile; fileRef = BB77314A18424B03004E8C86 /* CoreGraphics.framework */; };
		BB77314D18424B03004E8C86 /* UIKit.framework in Frameworks */ = {isa = PBXBuildFile; fileRef = BB77314C18424B03004E8C86 /* UIKit.framework */; };
		BB77315318424B03004E8C86 /* InfoPlist.strings in Resources */ = {isa = PBXBuildFile; fileRef = BB77315118424B03004E8C86 /* InfoPlist.strings */; };
		BB77315518424B03004E8C86 /* main.m in Sources */ = {isa = PBXBuildFile; fileRef = BB77315418424B03004E8C86 /* main.m */; };
		BB77315918424B03004E8C86 /* MKNDAppDelegate.m in Sources */ = {isa = PBXBuildFile; fileRef = BB77315818424B03004E8C86 /* MKNDAppDelegate.m */; };
		BB77315B18424B03004E8C86 /* Images.xcassets in Resources */ = {isa = PBXBuildFile; fileRef = BB77315A18424B03004E8C86 /* Images.xcassets */; };
		BB77316218424B03004E8C86 /* XCTest.framework in Frameworks */ = {isa = PBXBuildFile; fileRef = BB77316118424B03004E8C86 /* XCTest.framework */; };
		BB77316318424B03004E8C86 /* Foundation.framework in Frameworks */ = {isa = PBXBuildFile; fileRef = BB77314818424B03004E8C86 /* Foundation.framework */; };
		BB77316418424B03004E8C86 /* UIKit.framework in Frameworks */ = {isa = PBXBuildFile; fileRef = BB77314C18424B03004E8C86 /* UIKit.framework */; };
		BB77316C18424B03004E8C86 /* InfoPlist.strings in Resources */ = {isa = PBXBuildFile; fileRef = BB77316A18424B03004E8C86 /* InfoPlist.strings */; };
		BB77316E18424B03004E8C86 /* WAONTests.m in Sources */ = {isa = PBXBuildFile; fileRef = BB77316D18424B03004E8C86 /* WAONTests.m */; };
		BB77317918424BF2004E8C86 /* MainViewController.m in Sources */ = {isa = PBXBuildFile; fileRef = BB77317818424BF2004E8C86 /* MainViewController.m */; };
		BB77318018424CF3004E8C86 /* HelpViewController.m in Sources */ = {isa = PBXBuildFile; fileRef = BB77317B18424CF3004E8C86 /* HelpViewController.m */; };
		BB77318118424CF3004E8C86 /* InfoViewController.m in Sources */ = {isa = PBXBuildFile; fileRef = BB77317D18424CF3004E8C86 /* InfoViewController.m */; };
		BB77318218424CF3004E8C86 /* UIShadowLabel.m in Sources */ = {isa = PBXBuildFile; fileRef = BB77317F18424CF3004E8C86 /* UIShadowLabel.m */; };
		BB7731BC18424E7A004E8C86 /* AGA-Rasheeq-Bold.ttf in Resources */ = {isa = PBXBuildFile; fileRef = BB77318418424E7A004E8C86 /* AGA-Rasheeq-Bold.ttf */; };
		BB7731BD18424E7A004E8C86 /* AGA-Rasheeq-Regular.ttf in Resources */ = {isa = PBXBuildFile; fileRef = BB77318518424E7A004E8C86 /* AGA-Rasheeq-Regular.ttf */; };
		BB7731BE18424E7A004E8C86 /* oto.png in Resources */ = {isa = PBXBuildFile; fileRef = BB77318718424E7A004E8C86 /* oto.png */; };
		BB7731BF18424E7A004E8C86 /* test.pdf in Resources */ = {isa = PBXBuildFile; fileRef = BB77318818424E7A004E8C86 /* test.pdf */; };
		BB7731C018424E7A004E8C86 /* test.png in Resources */ = {isa = PBXBuildFile; fileRef = BB77318918424E7A004E8C86 /* test.png */; };
		BB7731C118424E7A004E8C86 /* test.rtfd in Resources */ = {isa = PBXBuildFile; fileRef = BB77318A18424E7A004E8C86 /* test.rtfd */; };
		BB7731C218424E7A004E8C86 /* test.rtfd.zip in Resources */ = {isa = PBXBuildFile; fileRef = BB77318B18424E7A004E8C86 /* test.rtfd.zip */; };
		BB7731C318424E7A004E8C86 /* bt_help.png in Resources */ = {isa = PBXBuildFile; fileRef = BB77318D18424E7A004E8C86 /* bt_help.png */; };
		BB7731C418424E7A004E8C86 /* bt_info.png in Resources */ = {isa = PBXBuildFile; fileRef = BB77318E18424E7A004E8C86 /* bt_info.png */; };
		BB7731C518424E7A004E8C86 /* bt_metronom_off.png in Resources */ = {isa = PBXBuildFile; fileRef = BB77318F18424E7A004E8C86 /* bt_metronom_off.png */; };
		BB7731C618424E7A004E8C86 /* bt_metronom_active.png in Resources */ = {isa = PBXBuildFile; fileRef = BB77319018424E7A004E8C86 /* bt_metronom_active.png */; };
		BB7731C818424E7A004E8C86 /* bt_off.png in Resources */ = {isa = PBXBuildFile; fileRef = BB77319218424E7A004E8C86 /* bt_off.png */; };
		BB7731C918424E7A004E8C86 /* bt_active.png in Resources */ = {isa = PBXBuildFile; fileRef = BB77319318424E7A004E8C86 /* bt_active.png */; };
		BB7731CB18424E7A004E8C86 /* help1.png in Resources */ = {isa = PBXBuildFile; fileRef = BB77319518424E7A004E8C86 /* help1.png */; };
		BB7731CC18424E7A004E8C86 /* help2.png in Resources */ = {isa = PBXBuildFile; fileRef = BB77319618424E7A004E8C86 /* help2.png */; };
		BB7731CD18424E7A004E8C86 /* help3.png in Resources */ = {isa = PBXBuildFile; fileRef = BB77319718424E7A004E8C86 /* help3.png */; };
		BB7731CE18424E7A004E8C86 /* help_1.png in Resources */ = {isa = PBXBuildFile; fileRef = BB77319818424E7A004E8C86 /* help_1.png */; };
		BB7731CF18424E7A004E8C86 /* help_appendix.png in Resources */ = {isa = PBXBuildFile; fileRef = BB77319918424E7A004E8C86 /* help_appendix.png */; };
		BB7731D118424E7A004E8C86 /* howto1.png in Resources */ = {isa = PBXBuildFile; fileRef = BB77319B18424E7A004E8C86 /* howto1.png */; };
		BB7731D218424E7A004E8C86 /* howto2.png in Resources */ = {isa = PBXBuildFile; fileRef = BB77319C18424E7A004E8C86 /* howto2.png */; };
		BB7731D318424E7A004E8C86 /* howto3.png in Resources */ = {isa = PBXBuildFile; fileRef = BB77319D18424E7A004E8C86 /* howto3.png */; };
		BB7731D418424E7A004E8C86 /* howto4.png in Resources */ = {isa = PBXBuildFile; fileRef = BB77319E18424E7A004E8C86 /* howto4.png */; };
		BB7731D518424E7A004E8C86 /* howto5.png in Resources */ = {isa = PBXBuildFile; fileRef = BB77319F18424E7A004E8C86 /* howto5.png */; };
		BB7731D618424E7A004E8C86 /* howto_title.png in Resources */ = {isa = PBXBuildFile; fileRef = BB7731A018424E7A004E8C86 /* howto_title.png */; };
		BB7731D718424E7A004E8C86 /* info_close.png in Resources */ = {isa = PBXBuildFile; fileRef = BB7731A118424E7A004E8C86 /* info_close.png */; };
		BB7731D818424E7A004E8C86 /* info_text.png in Resources */ = {isa = PBXBuildFile; fileRef = BB7731A218424E7A004E8C86 /* info_text.png */; };
		BB7731D918424E7A004E8C86 /* key_a.png in Resources */ = {isa = PBXBuildFile; fileRef = BB7731A318424E7A004E8C86 /* key_a.png */; };
		BB7731DA18424E7A004E8C86 /* key_active.png in Resources */ = {isa = PBXBuildFile; fileRef = BB7731A418424E7A004E8C86 /* key_active.png */; };
		BB7731DB18424E7A004E8C86 /* key_b.png in Resources */ = {isa = PBXBuildFile; fileRef = BB7731A518424E7A004E8C86 /* key_b.png */; };
		BB7731DC18424E7A004E8C86 /* key_b_on.png in Resources */ = {isa = PBXBuildFile; fileRef = BB7731A618424E7A004E8C86 /* key_b_on.png */; };
		BB7731DD18424E7A004E8C86 /* key_c.png in Resources */ = {isa = PBXBuildFile; fileRef = BB7731A718424E7A004E8C86 /* key_c.png */; };
		BB7731DE18424E7A004E8C86 /* key_cis.png in Resources */ = {isa = PBXBuildFile; fileRef = BB7731A818424E7A004E8C86 /* key_cis.png */; };
		BB7731DF18424E7A004E8C86 /* key_cis_on.png in Resources */ = {isa = PBXBuildFile; fileRef = BB7731A918424E7A004E8C86 /* key_cis_on.png */; };
		BB7731E018424E7A004E8C86 /* key_d.png in Resources */ = {isa = PBXBuildFile; fileRef = BB7731AA18424E7A004E8C86 /* key_d.png */; };
		BB7731E118424E7A004E8C86 /* key_dis.png in Resources */ = {isa = PBXBuildFile; fileRef = BB7731AB18424E7A004E8C86 /* key_dis.png */; };
		BB7731E218424E7A004E8C86 /* key_dis_on.png in Resources */ = {isa = PBXBuildFile; fileRef = BB7731AC18424E7A004E8C86 /* key_dis_on.png */; };
		BB7731E318424E7A004E8C86 /* key_e.png in Resources */ = {isa = PBXBuildFile; fileRef = BB7731AD18424E7A004E8C86 /* key_e.png */; };
		BB7731E418424E7A004E8C86 /* key_f.png in Resources */ = {isa = PBXBuildFile; fileRef = BB7731AE18424E7A004E8C86 /* key_f.png */; };
		BB7731E518424E7A004E8C86 /* key_fis.png in Resources */ = {isa = PBXBuildFile; fileRef = BB7731AF18424E7A004E8C86 /* key_fis.png */; };
		BB7731E618424E7A004E8C86 /* key_fis_on.png in Resources */ = {isa = PBXBuildFile; fileRef = BB7731B018424E7A004E8C86 /* key_fis_on.png */; };
		BB7731E718424E7A004E8C86 /* key_g.png in Resources */ = {isa = PBXBuildFile; fileRef = BB7731B118424E7A004E8C86 /* key_g.png */; };
		BB7731E818424E7A004E8C86 /* key_gis.png in Resources */ = {isa = PBXBuildFile; fileRef = BB7731B218424E7A004E8C86 /* key_gis.png */; };
		BB7731E918424E7A004E8C86 /* key_gis_on.png in Resources */ = {isa = PBXBuildFile; fileRef = BB7731B318424E7A004E8C86 /* key_gis_on.png */; };
		BB7731EA18424E7A004E8C86 /* key_h.png in Resources */ = {isa = PBXBuildFile; fileRef = BB7731B418424E7A004E8C86 /* key_h.png */; };
		BB7731EB18424E7A004E8C86 /* keyboard_slider.png in Resources */ = {isa = PBXBuildFile; fileRef = BB7731B518424E7A004E8C86 /* keyboard_slider.png */; };
		BB7731EC18424E7A004E8C86 /* skeleton.png in Resources */ = {isa = PBXBuildFile; fileRef = BB7731B618424E7A004E8C86 /* skeleton.png */; };
		BB7731ED18424E7A004E8C86 /* slider_tempo.png in Resources */ = {isa = PBXBuildFile; fileRef = BB7731B718424E7A004E8C86 /* slider_tempo.png */; };
		BB7731EE18424E7A004E8C86 /* slider_vol.png in Resources */ = {isa = PBXBuildFile; fileRef = BB7731B818424E7A004E8C86 /* slider_vol.png */; };
		BB7731EF18424E7A004E8C86 /* top_bg.png in Resources */ = {isa = PBXBuildFile; fileRef = BB7731B918424E7A004E8C86 /* top_bg.png */; };
		BB7731F018424E7A004E8C86 /* count.m4a in Resources */ = {isa = PBXBuildFile; fileRef = BB7731BB18424E7A004E8C86 /* count.m4a */; };
		BBC3D4C9184323AD00A65DE8 /* Icon-72.png in Resources */ = {isa = PBXBuildFile; fileRef = BBC3D4C7184323AD00A65DE8 /* Icon-72.png */; };
		BBC3D4CA184323AD00A65DE8 /* Icon-72@2x.png in Resources */ = {isa = PBXBuildFile; fileRef = BBC3D4C8184323AD00A65DE8 /* Icon-72@2x.png */; };
/* End PBXBuildFile section */

/* Begin PBXContainerItemProxy section */
		BB77316518424B03004E8C86 /* PBXContainerItemProxy */ = {
			isa = PBXContainerItemProxy;
			containerPortal = BB77313D18424B03004E8C86 /* Project object */;
			proxyType = 1;
			remoteGlobalIDString = BB77314418424B03004E8C86;
			remoteInfo = WAON;
		};
/* End PBXContainerItemProxy section */

/* Begin PBXFileReference section */
		BB184BDD1844EA6D00CA4265 /* bt_on.png */ = {isa = PBXFileReference; lastKnownFileType = image.png; path = bt_on.png; sourceTree = "<group>"; };
		BB184BDF1844F25400CA4265 /* bt_metronom_on.png */ = {isa = PBXFileReference; lastKnownFileType = image.png; path = bt_metronom_on.png; sourceTree = "<group>"; };
		BB184BE01844F25400CA4265 /* bt_minus_off.png */ = {isa = PBXFileReference; lastKnownFileType = image.png; path = bt_minus_off.png; sourceTree = "<group>"; };
		BB184BE11844F25400CA4265 /* bt_minus_on.png */ = {isa = PBXFileReference; lastKnownFileType = image.png; path = bt_minus_on.png; sourceTree = "<group>"; };
		BB184BE51844F26F00CA4265 /* bt_plus_off.png */ = {isa = PBXFileReference; lastKnownFileType = image.png; path = bt_plus_off.png; sourceTree = "<group>"; };
		BB184BE61844F26F00CA4265 /* bt_plus_on.png */ = {isa = PBXFileReference; lastKnownFileType = image.png; path = bt_plus_on.png; sourceTree = "<group>"; };
		BB2204B418459EA2008A5F56 /* howto_txt_1.png */ = {isa = PBXFileReference; lastKnownFileType = image.png; path = howto_txt_1.png; sourceTree = "<group>"; };
		BB2204B518459EA2008A5F56 /* howto_txt_2.png */ = {isa = PBXFileReference; lastKnownFileType = image.png; path = howto_txt_2.png; sourceTree = "<group>"; };
		BB2204B618459EA2008A5F56 /* howto_txt_3.png */ = {isa = PBXFileReference; lastKnownFileType = image.png; path = howto_txt_3.png; sourceTree = "<group>"; };
		BB2204B718459EA2008A5F56 /* howto_txt_4.png */ = {isa = PBXFileReference; lastKnownFileType = image.png; path = howto_txt_4.png; sourceTree = "<group>"; };
		BB2204B818459EA2008A5F56 /* howto_txt_5.png */ = {isa = PBXFileReference; lastKnownFileType = image.png; path = howto_txt_5.png; sourceTree = "<group>"; };
		BB2204BE1845C35D008A5F56 /* click.mp3 */ = {isa = PBXFileReference; lastKnownFileType = audio.mp3; path = click.mp3; sourceTree = "<group>"; };
		BB2204C018472664008A5F56 /* Icon-72.png */ = {isa = PBXFileReference; lastKnownFileType = image.png; path = "Icon-72.png"; sourceTree = "<group>"; };
		BB2204C118472664008A5F56 /* Icon-72@2x.png */ = {isa = PBXFileReference; lastKnownFileType = image.png; path = "Icon-72@2x.png"; sourceTree = "<group>"; };
		BB2204C218472664008A5F56 /* Icon-Small-50.png */ = {isa = PBXFileReference; lastKnownFileType = image.png; path = "Icon-Small-50.png"; sourceTree = "<group>"; };
		BB2204C318472664008A5F56 /* Icon-Small-50@2x.png */ = {isa = PBXFileReference; lastKnownFileType = image.png; path = "Icon-Small-50@2x.png"; sourceTree = "<group>"; };
		BB2204C418472665008A5F56 /* Icon-Small.png */ = {isa = PBXFileReference; lastKnownFileType = image.png; path = "Icon-Small.png"; sourceTree = "<group>"; };
		BB2204C518472665008A5F56 /* Icon-Small@2x.png */ = {isa = PBXFileReference; lastKnownFileType = image.png; path = "Icon-Small@2x.png"; sourceTree = "<group>"; };
		BB2204C618472665008A5F56 /* Icon.png */ = {isa = PBXFileReference; lastKnownFileType = image.png; path = Icon.png; sourceTree = "<group>"; };
		BB2204C718472665008A5F56 /* Icon@2x.png */ = {isa = PBXFileReference; lastKnownFileType = image.png; path = "Icon@2x.png"; sourceTree = "<group>"; };
		BB2204D018477813008A5F56 /* Icon76-76.png */ = {isa = PBXFileReference; lastKnownFileType = image.png; path = "Icon76-76.png"; sourceTree = "<group>"; };
		BB2204D118477813008A5F56 /* Icon152-152.png */ = {isa = PBXFileReference; lastKnownFileType = image.png; path = "Icon152-152.png"; sourceTree = "<group>"; };
		BB77314518424B03004E8C86 /* WAON.app */ = {isa = PBXFileReference; explicitFileType = wrapper.application; includeInIndex = 0; path = WAON.app; sourceTree = BUILT_PRODUCTS_DIR; };
		BB77314818424B03004E8C86 /* Foundation.framework */ = {isa = PBXFileReference; lastKnownFileType = wrapper.framework; name = Foundation.framework; path = System/Library/Frameworks/Foundation.framework; sourceTree = SDKROOT; };
		BB77314A18424B03004E8C86 /* CoreGraphics.framework */ = {isa = PBXFileReference; lastKnownFileType = wrapper.framework; name = CoreGraphics.framework; path = System/Library/Frameworks/CoreGraphics.framework; sourceTree = SDKROOT; };
		BB77314C18424B03004E8C86 /* UIKit.framework */ = {isa = PBXFileReference; lastKnownFileType = wrapper.framework; name = UIKit.framework; path = System/Library/Frameworks/UIKit.framework; sourceTree = SDKROOT; };
		BB77315018424B03004E8C86 /* WAON-Info.plist */ = {isa = PBXFileReference; lastKnownFileType = text.plist.xml; path = "WAON-Info.plist"; sourceTree = "<group>"; };
		BB77315218424B03004E8C86 /* en */ = {isa = PBXFileReference; lastKnownFileType = text.plist.strings; name = en; path = en.lproj/InfoPlist.strings; sourceTree = "<group>"; };
		BB77315418424B03004E8C86 /* main.m */ = {isa = PBXFileReference; lastKnownFileType = sourcecode.c.objc; path = main.m; sourceTree = "<group>"; };
		BB77315618424B03004E8C86 /* WAON-Prefix.pch */ = {isa = PBXFileReference; lastKnownFileType = sourcecode.c.h; path = "WAON-Prefix.pch"; sourceTree = "<group>"; };
		BB77315718424B03004E8C86 /* MKNDAppDelegate.h */ = {isa = PBXFileReference; lastKnownFileType = sourcecode.c.h; path = MKNDAppDelegate.h; sourceTree = "<group>"; };
		BB77315818424B03004E8C86 /* MKNDAppDelegate.m */ = {isa = PBXFileReference; lastKnownFileType = sourcecode.c.objc; path = MKNDAppDelegate.m; sourceTree = "<group>"; };
		BB77315A18424B03004E8C86 /* Images.xcassets */ = {isa = PBXFileReference; lastKnownFileType = folder.assetcatalog; path = Images.xcassets; sourceTree = "<group>"; };
		BB77316018424B03004E8C86 /* WAONTests.xctest */ = {isa = PBXFileReference; explicitFileType = wrapper.cfbundle; includeInIndex = 0; path = WAONTests.xctest; sourceTree = BUILT_PRODUCTS_DIR; };
		BB77316118424B03004E8C86 /* XCTest.framework */ = {isa = PBXFileReference; lastKnownFileType = wrapper.framework; name = XCTest.framework; path = Library/Frameworks/XCTest.framework; sourceTree = DEVELOPER_DIR; };
		BB77316918424B03004E8C86 /* WAONTests-Info.plist */ = {isa = PBXFileReference; lastKnownFileType = text.plist.xml; path = "WAONTests-Info.plist"; sourceTree = "<group>"; };
		BB77316B18424B03004E8C86 /* en */ = {isa = PBXFileReference; lastKnownFileType = text.plist.strings; name = en; path = en.lproj/InfoPlist.strings; sourceTree = "<group>"; };
		BB77316D18424B03004E8C86 /* WAONTests.m */ = {isa = PBXFileReference; lastKnownFileType = sourcecode.c.objc; path = WAONTests.m; sourceTree = "<group>"; };
		BB77317718424BF2004E8C86 /* MainViewController.h */ = {isa = PBXFileReference; fileEncoding = 4; lastKnownFileType = sourcecode.c.h; path = MainViewController.h; sourceTree = "<group>"; };
		BB77317818424BF2004E8C86 /* MainViewController.m */ = {isa = PBXFileReference; fileEncoding = 4; lastKnownFileType = sourcecode.c.objc; path = MainViewController.m; sourceTree = "<group>"; };
		BB77317A18424CF3004E8C86 /* HelpViewController.h */ = {isa = PBXFileReference; fileEncoding = 4; lastKnownFileType = sourcecode.c.h; path = HelpViewController.h; sourceTree = "<group>"; };
		BB77317B18424CF3004E8C86 /* HelpViewController.m */ = {isa = PBXFileReference; fileEncoding = 4; lastKnownFileType = sourcecode.c.objc; path = HelpViewController.m; sourceTree = "<group>"; };
		BB77317C18424CF3004E8C86 /* InfoViewController.h */ = {isa = PBXFileReference; fileEncoding = 4; lastKnownFileType = sourcecode.c.h; path = InfoViewController.h; sourceTree = "<group>"; };
		BB77317D18424CF3004E8C86 /* InfoViewController.m */ = {isa = PBXFileReference; fileEncoding = 4; lastKnownFileType = sourcecode.c.objc; path = InfoViewController.m; sourceTree = "<group>"; };
		BB77317E18424CF3004E8C86 /* UIShadowLabel.h */ = {isa = PBXFileReference; fileEncoding = 4; lastKnownFileType = sourcecode.c.h; path = UIShadowLabel.h; sourceTree = "<group>"; };
		BB77317F18424CF3004E8C86 /* UIShadowLabel.m */ = {isa = PBXFileReference; fileEncoding = 4; lastKnownFileType = sourcecode.c.objc; path = UIShadowLabel.m; sourceTree = "<group>"; };
		BB77318418424E7A004E8C86 /* AGA-Rasheeq-Bold.ttf */ = {isa = PBXFileReference; lastKnownFileType = file; path = "AGA-Rasheeq-Bold.ttf"; sourceTree = "<group>"; };
		BB77318518424E7A004E8C86 /* AGA-Rasheeq-Regular.ttf */ = {isa = PBXFileReference; lastKnownFileType = file; path = "AGA-Rasheeq-Regular.ttf"; sourceTree = "<group>"; };
		BB77318718424E7A004E8C86 /* oto.png */ = {isa = PBXFileReference; lastKnownFileType = image.png; path = oto.png; sourceTree = "<group>"; };
		BB77318818424E7A004E8C86 /* test.pdf */ = {isa = PBXFileReference; lastKnownFileType = image.pdf; path = test.pdf; sourceTree = "<group>"; };
		BB77318918424E7A004E8C86 /* test.png */ = {isa = PBXFileReference; lastKnownFileType = image.png; path = test.png; sourceTree = "<group>"; };
		BB77318A18424E7A004E8C86 /* test.rtfd */ = {isa = PBXFileReference; lastKnownFileType = wrapper.rtfd; path = test.rtfd; sourceTree = "<group>"; };
		BB77318B18424E7A004E8C86 /* test.rtfd.zip */ = {isa = PBXFileReference; lastKnownFileType = archive.zip; path = test.rtfd.zip; sourceTree = "<group>"; };
		BB77318D18424E7A004E8C86 /* bt_help.png */ = {isa = PBXFileReference; lastKnownFileType = image.png; path = bt_help.png; sourceTree = "<group>"; };
		BB77318E18424E7A004E8C86 /* bt_info.png */ = {isa = PBXFileReference; lastKnownFileType = image.png; path = bt_info.png; sourceTree = "<group>"; };
		BB77318F18424E7A004E8C86 /* bt_metronom_off.png */ = {isa = PBXFileReference; lastKnownFileType = image.png; path = bt_metronom_off.png; sourceTree = "<group>"; };
		BB77319018424E7A004E8C86 /* bt_metronom_active.png */ = {isa = PBXFileReference; lastKnownFileType = image.png; path = bt_metronom_active.png; sourceTree = "<group>"; };
		BB77319218424E7A004E8C86 /* bt_off.png */ = {isa = PBXFileReference; lastKnownFileType = image.png; path = bt_off.png; sourceTree = "<group>"; };
		BB77319318424E7A004E8C86 /* bt_active.png */ = {isa = PBXFileReference; lastKnownFileType = image.png; path = bt_active.png; sourceTree = "<group>"; };
		BB77319518424E7A004E8C86 /* help1.png */ = {isa = PBXFileReference; lastKnownFileType = image.png; path = help1.png; sourceTree = "<group>"; };
		BB77319618424E7A004E8C86 /* help2.png */ = {isa = PBXFileReference; lastKnownFileType = image.png; path = help2.png; sourceTree = "<group>"; };
		BB77319718424E7A004E8C86 /* help3.png */ = {isa = PBXFileReference; lastKnownFileType = image.png; path = help3.png; sourceTree = "<group>"; };
		BB77319818424E7A004E8C86 /* help_1.png */ = {isa = PBXFileReference; lastKnownFileType = image.png; path = help_1.png; sourceTree = "<group>"; };
		BB77319918424E7A004E8C86 /* help_appendix.png */ = {isa = PBXFileReference; lastKnownFileType = image.png; path = help_appendix.png; sourceTree = "<group>"; };
		BB77319B18424E7A004E8C86 /* howto1.png */ = {isa = PBXFileReference; lastKnownFileType = image.png; path = howto1.png; sourceTree = "<group>"; };
		BB77319C18424E7A004E8C86 /* howto2.png */ = {isa = PBXFileReference; lastKnownFileType = image.png; path = howto2.png; sourceTree = "<group>"; };
		BB77319D18424E7A004E8C86 /* howto3.png */ = {isa = PBXFileReference; lastKnownFileType = image.png; path = howto3.png; sourceTree = "<group>"; };
		BB77319E18424E7A004E8C86 /* howto4.png */ = {isa = PBXFileReference; lastKnownFileType = image.png; path = howto4.png; sourceTree = "<group>"; };
		BB77319F18424E7A004E8C86 /* howto5.png */ = {isa = PBXFileReference; lastKnownFileType = image.png; path = howto5.png; sourceTree = "<group>"; };
		BB7731A018424E7A004E8C86 /* howto_title.png */ = {isa = PBXFileReference; lastKnownFileType = image.png; path = howto_title.png; sourceTree = "<group>"; };
		BB7731A118424E7A004E8C86 /* info_close.png */ = {isa = PBXFileReference; lastKnownFileType = image.png; path = info_close.png; sourceTree = "<group>"; };
		BB7731A218424E7A004E8C86 /* info_text.png */ = {isa = PBXFileReference; lastKnownFileType = image.png; path = info_text.png; sourceTree = "<group>"; };
		BB7731A318424E7A004E8C86 /* key_a.png */ = {isa = PBXFileReference; lastKnownFileType = image.png; path = key_a.png; sourceTree = "<group>"; };
		BB7731A418424E7A004E8C86 /* key_active.png */ = {isa = PBXFileReference; lastKnownFileType = image.png; path = key_active.png; sourceTree = "<group>"; };
		BB7731A518424E7A004E8C86 /* key_b.png */ = {isa = PBXFileReference; lastKnownFileType = image.png; path = key_b.png; sourceTree = "<group>"; };
		BB7731A618424E7A004E8C86 /* key_b_on.png */ = {isa = PBXFileReference; lastKnownFileType = image.png; path = key_b_on.png; sourceTree = "<group>"; };
		BB7731A718424E7A004E8C86 /* key_c.png */ = {isa = PBXFileReference; lastKnownFileType = image.png; path = key_c.png; sourceTree = "<group>"; };
		BB7731A818424E7A004E8C86 /* key_cis.png */ = {isa = PBXFileReference; lastKnownFileType = image.png; path = key_cis.png; sourceTree = "<group>"; };
		BB7731A918424E7A004E8C86 /* key_cis_on.png */ = {isa = PBXFileReference; lastKnownFileType = image.png; path = key_cis_on.png; sourceTree = "<group>"; };
		BB7731AA18424E7A004E8C86 /* key_d.png */ = {isa = PBXFileReference; lastKnownFileType = image.png; path = key_d.png; sourceTree = "<group>"; };
		BB7731AB18424E7A004E8C86 /* key_dis.png */ = {isa = PBXFileReference; lastKnownFileType = image.png; path = key_dis.png; sourceTree = "<group>"; };
		BB7731AC18424E7A004E8C86 /* key_dis_on.png */ = {isa = PBXFileReference; lastKnownFileType = image.png; path = key_dis_on.png; sourceTree = "<group>"; };
		BB7731AD18424E7A004E8C86 /* key_e.png */ = {isa = PBXFileReference; lastKnownFileType = image.png; path = key_e.png; sourceTree = "<group>"; };
		BB7731AE18424E7A004E8C86 /* key_f.png */ = {isa = PBXFileReference; lastKnownFileType = image.png; path = key_f.png; sourceTree = "<group>"; };
		BB7731AF18424E7A004E8C86 /* key_fis.png */ = {isa = PBXFileReference; lastKnownFileType = image.png; path = key_fis.png; sourceTree = "<group>"; };
		BB7731B018424E7A004E8C86 /* key_fis_on.png */ = {isa = PBXFileReference; lastKnownFileType = image.png; path = key_fis_on.png; sourceTree = "<group>"; };
		BB7731B118424E7A004E8C86 /* key_g.png */ = {isa = PBXFileReference; lastKnownFileType = image.png; path = key_g.png; sourceTree = "<group>"; };
		BB7731B218424E7A004E8C86 /* key_gis.png */ = {isa = PBXFileReference; lastKnownFileType = image.png; path = key_gis.png; sourceTree = "<group>"; };
		BB7731B318424E7A004E8C86 /* key_gis_on.png */ = {isa = PBXFileReference; lastKnownFileType = image.png; path = key_gis_on.png; sourceTree = "<group>"; };
		BB7731B418424E7A004E8C86 /* key_h.png */ = {isa = PBXFileReference; lastKnownFileType = image.png; path = key_h.png; sourceTree = "<group>"; };
		BB7731B518424E7A004E8C86 /* keyboard_slider.png */ = {isa = PBXFileReference; lastKnownFileType = image.png; path = keyboard_slider.png; sourceTree = "<group>"; };
		BB7731B618424E7A004E8C86 /* skeleton.png */ = {isa = PBXFileReference; lastKnownFileType = image.png; path = skeleton.png; sourceTree = "<group>"; };
		BB7731B718424E7A004E8C86 /* slider_tempo.png */ = {isa = PBXFileReference; lastKnownFileType = image.png; path = slider_tempo.png; sourceTree = "<group>"; };
		BB7731B818424E7A004E8C86 /* slider_vol.png */ = {isa = PBXFileReference; lastKnownFileType = image.png; path = slider_vol.png; sourceTree = "<group>"; };
		BB7731B918424E7A004E8C86 /* top_bg.png */ = {isa = PBXFileReference; lastKnownFileType = image.png; path = top_bg.png; sourceTree = "<group>"; };
		BB7731BB18424E7A004E8C86 /* count.m4a */ = {isa = PBXFileReference; lastKnownFileType = file; path = count.m4a; sourceTree = "<group>"; };
		BBC3D4C7184323AD00A65DE8 /* Icon-72.png */ = {isa = PBXFileReference; lastKnownFileType = image.png; path = "Icon-72.png"; sourceTree = "<group>"; };
		BBC3D4C8184323AD00A65DE8 /* Icon-72@2x.png */ = {isa = PBXFileReference; lastKnownFileType = image.png; path = "Icon-72@2x.png"; sourceTree = "<group>"; };
/* End PBXFileReference section */

/* Begin PBXFrameworksBuildPhase section */
		BB77314218424B03004E8C86 /* Frameworks */ = {
			isa = PBXFrameworksBuildPhase;
			buildActionMask = 2147483647;
			files = (
				BB77314B18424B03004E8C86 /* CoreGraphics.framework in Frameworks */,
				BB77314D18424B03004E8C86 /* UIKit.framework in Frameworks */,
				BB77314918424B03004E8C86 /* Foundation.framework in Frameworks */,
			);
			runOnlyForDeploymentPostprocessing = 0;
		};
		BB77315D18424B03004E8C86 /* Frameworks */ = {
			isa = PBXFrameworksBuildPhase;
			buildActionMask = 2147483647;
			files = (
				BB77316218424B03004E8C86 /* XCTest.framework in Frameworks */,
				BB77316418424B03004E8C86 /* UIKit.framework in Frameworks */,
				BB77316318424B03004E8C86 /* Foundation.framework in Frameworks */,
			);
			runOnlyForDeploymentPostprocessing = 0;
		};
/* End PBXFrameworksBuildPhase section */

/* Begin PBXGroup section */
		BB77313C18424B03004E8C86 = {
			isa = PBXGroup;
			children = (
				BB77314E18424B03004E8C86 /* WAON */,
				BB77316718424B03004E8C86 /* WAONTests */,
				BB77314718424B03004E8C86 /* Frameworks */,
				BB77314618424B03004E8C86 /* Products */,
				BB77318318424E7A004E8C86 /* res */,
			);
			sourceTree = "<group>";
		};
		BB77314618424B03004E8C86 /* Products */ = {
			isa = PBXGroup;
			children = (
				BB77314518424B03004E8C86 /* WAON.app */,
				BB77316018424B03004E8C86 /* WAONTests.xctest */,
			);
			name = Products;
			sourceTree = "<group>";
		};
		BB77314718424B03004E8C86 /* Frameworks */ = {
			isa = PBXGroup;
			children = (
				BB77314818424B03004E8C86 /* Foundation.framework */,
				BB77314A18424B03004E8C86 /* CoreGraphics.framework */,
				BB77314C18424B03004E8C86 /* UIKit.framework */,
				BB77316118424B03004E8C86 /* XCTest.framework */,
			);
			name = Frameworks;
			sourceTree = "<group>";
		};
		BB77314E18424B03004E8C86 /* WAON */ = {
			isa = PBXGroup;
			children = (
				BB77317A18424CF3004E8C86 /* HelpViewController.h */,
				BB77317B18424CF3004E8C86 /* HelpViewController.m */,
				BB77317C18424CF3004E8C86 /* InfoViewController.h */,
				BB77317D18424CF3004E8C86 /* InfoViewController.m */,
				BB77317E18424CF3004E8C86 /* UIShadowLabel.h */,
				BB77317F18424CF3004E8C86 /* UIShadowLabel.m */,
				BB77317718424BF2004E8C86 /* MainViewController.h */,
				BB77317818424BF2004E8C86 /* MainViewController.m */,
				BB77315718424B03004E8C86 /* MKNDAppDelegate.h */,
				BB77315818424B03004E8C86 /* MKNDAppDelegate.m */,
				BB77315A18424B03004E8C86 /* Images.xcassets */,
				BB77314F18424B03004E8C86 /* Supporting Files */,
			);
			path = WAON;
			sourceTree = "<group>";
		};
		BB77314F18424B03004E8C86 /* Supporting Files */ = {
			isa = PBXGroup;
			children = (
				BB77315018424B03004E8C86 /* WAON-Info.plist */,
				BB77315118424B03004E8C86 /* InfoPlist.strings */,
				BB77315418424B03004E8C86 /* main.m */,
				BB77315618424B03004E8C86 /* WAON-Prefix.pch */,
			);
			name = "Supporting Files";
			sourceTree = "<group>";
		};
		BB77316718424B03004E8C86 /* WAONTests */ = {
			isa = PBXGroup;
			children = (
				BB77316D18424B03004E8C86 /* WAONTests.m */,
				BB77316818424B03004E8C86 /* Supporting Files */,
			);
			path = WAONTests;
			sourceTree = "<group>";
		};
		BB77316818424B03004E8C86 /* Supporting Files */ = {
			isa = PBXGroup;
			children = (
				BB77316918424B03004E8C86 /* WAONTests-Info.plist */,
				BB77316A18424B03004E8C86 /* InfoPlist.strings */,
			);
			name = "Supporting Files";
			sourceTree = "<group>";
		};
		BB77318318424E7A004E8C86 /* res */ = {
			isa = PBXGroup;
			children = (
				BB77318418424E7A004E8C86 /* AGA-Rasheeq-Bold.ttf */,
				BB77318518424E7A004E8C86 /* AGA-Rasheeq-Regular.ttf */,
				BB77318618424E7A004E8C86 /* html */,
				BB77318C18424E7A004E8C86 /* image */,
				BB7731BA18424E7A004E8C86 /* sound */,
			);
			name = res;
			path = WAON/res;
			sourceTree = "<group>";
		};
		BB77318618424E7A004E8C86 /* html */ = {
			isa = PBXGroup;
			children = (
				BB77318718424E7A004E8C86 /* oto.png */,
				BB77318818424E7A004E8C86 /* test.pdf */,
				BB77318918424E7A004E8C86 /* test.png */,
				BB77318A18424E7A004E8C86 /* test.rtfd */,
				BB77318B18424E7A004E8C86 /* test.rtfd.zip */,
			);
			path = html;
			sourceTree = "<group>";
		};
		BB77318C18424E7A004E8C86 /* image */ = {
			isa = PBXGroup;
			children = (
				BB2204B418459EA2008A5F56 /* howto_txt_1.png */,
				BB2204D018477813008A5F56 /* Icon76-76.png */,
				BB2204D118477813008A5F56 /* Icon152-152.png */,
				BB2204B518459EA2008A5F56 /* howto_txt_2.png */,
				BB2204B618459EA2008A5F56 /* howto_txt_3.png */,
				BB2204B718459EA2008A5F56 /* howto_txt_4.png */,
				BB2204B818459EA2008A5F56 /* howto_txt_5.png */,
				BB184BE51844F26F00CA4265 /* bt_plus_off.png */,
				BB184BE61844F26F00CA4265 /* bt_plus_on.png */,
				BB184BDF1844F25400CA4265 /* bt_metronom_on.png */,
				BB184BE01844F25400CA4265 /* bt_minus_off.png */,
				BB184BE11844F25400CA4265 /* bt_minus_on.png */,
				BB184BDD1844EA6D00CA4265 /* bt_on.png */,
				BBC3D4C7184323AD00A65DE8 /* Icon-72.png */,
				BBC3D4C8184323AD00A65DE8 /* Icon-72@2x.png */,
				BB77318D18424E7A004E8C86 /* bt_help.png */,
				BB77318E18424E7A004E8C86 /* bt_info.png */,
				BB77318F18424E7A004E8C86 /* bt_metronom_off.png */,
				BB77319018424E7A004E8C86 /* bt_metronom_active.png */,
				BB77319218424E7A004E8C86 /* bt_off.png */,
				BB77319318424E7A004E8C86 /* bt_active.png */,
				BB77319518424E7A004E8C86 /* help1.png */,
				BB77319618424E7A004E8C86 /* help2.png */,
				BB77319718424E7A004E8C86 /* help3.png */,
				BB77319818424E7A004E8C86 /* help_1.png */,
				BB77319918424E7A004E8C86 /* help_appendix.png */,
				BB77319B18424E7A004E8C86 /* howto1.png */,
				BB2204C018472664008A5F56 /* Icon-72.png */,
				BB2204C118472664008A5F56 /* Icon-72@2x.png */,
				BB2204C218472664008A5F56 /* Icon-Small-50.png */,
				BB2204C318472664008A5F56 /* Icon-Small-50@2x.png */,
				BB2204C418472665008A5F56 /* Icon-Small.png */,
				BB2204C518472665008A5F56 /* Icon-Small@2x.png */,
				BB2204C618472665008A5F56 /* Icon.png */,
				BB2204C718472665008A5F56 /* Icon@2x.png */,
				BB77319C18424E7A004E8C86 /* howto2.png */,
				BB77319D18424E7A004E8C86 /* howto3.png */,
				BB77319E18424E7A004E8C86 /* howto4.png */,
				BB77319F18424E7A004E8C86 /* howto5.png */,
				BB7731A018424E7A004E8C86 /* howto_title.png */,
				BB7731A118424E7A004E8C86 /* info_close.png */,
				BB7731A218424E7A004E8C86 /* info_text.png */,
				BB7731A318424E7A004E8C86 /* key_a.png */,
				BB7731A418424E7A004E8C86 /* key_active.png */,
				BB7731A518424E7A004E8C86 /* key_b.png */,
				BB7731A618424E7A004E8C86 /* key_b_on.png */,
				BB7731A718424E7A004E8C86 /* key_c.png */,
				BB7731A818424E7A004E8C86 /* key_cis.png */,
				BB7731A918424E7A004E8C86 /* key_cis_on.png */,
				BB7731AA18424E7A004E8C86 /* key_d.png */,
				BB7731AB18424E7A004E8C86 /* key_dis.png */,
				BB7731AC18424E7A004E8C86 /* key_dis_on.png */,
				BB7731AD18424E7A004E8C86 /* key_e.png */,
				BB7731AE18424E7A004E8C86 /* key_f.png */,
				BB7731AF18424E7A004E8C86 /* key_fis.png */,
				BB7731B018424E7A004E8C86 /* key_fis_on.png */,
				BB7731B118424E7A004E8C86 /* key_g.png */,
				BB7731B218424E7A004E8C86 /* key_gis.png */,
				BB7731B318424E7A004E8C86 /* key_gis_on.png */,
				BB7731B418424E7A004E8C86 /* key_h.png */,
				BB7731B518424E7A004E8C86 /* keyboard_slider.png */,
				BB7731B618424E7A004E8C86 /* skeleton.png */,
				BB7731B718424E7A004E8C86 /* slider_tempo.png */,
				BB7731B818424E7A004E8C86 /* slider_vol.png */,
				BB7731B918424E7A004E8C86 /* top_bg.png */,
			);
			path = image;
			sourceTree = "<group>";
		};
		BB7731BA18424E7A004E8C86 /* sound */ = {
			isa = PBXGroup;
			children = (
				BB2204BE1845C35D008A5F56 /* click.mp3 */,
				BB7731BB18424E7A004E8C86 /* count.m4a */,
			);
			path = sound;
			sourceTree = "<group>";
		};
/* End PBXGroup section */

/* Begin PBXNativeTarget section */
		BB77314418424B03004E8C86 /* WAON */ = {
			isa = PBXNativeTarget;
			buildConfigurationList = BB77317118424B03004E8C86 /* Build configuration list for PBXNativeTarget "WAON" */;
			buildPhases = (
				BB77314118424B03004E8C86 /* Sources */,
				BB77314218424B03004E8C86 /* Frameworks */,
				BB77314318424B03004E8C86 /* Resources */,
			);
			buildRules = (
			);
			dependencies = (
			);
			name = WAON;
			productName = WAON;
			productReference = BB77314518424B03004E8C86 /* WAON.app */;
			productType = "com.apple.product-type.application";
		};
		BB77315F18424B03004E8C86 /* WAONTests */ = {
			isa = PBXNativeTarget;
			buildConfigurationList = BB77317418424B03004E8C86 /* Build configuration list for PBXNativeTarget "WAONTests" */;
			buildPhases = (
				BB77315C18424B03004E8C86 /* Sources */,
				BB77315D18424B03004E8C86 /* Frameworks */,
				BB77315E18424B03004E8C86 /* Resources */,
			);
			buildRules = (
			);
			dependencies = (
				BB77316618424B03004E8C86 /* PBXTargetDependency */,
			);
			name = WAONTests;
			productName = WAONTests;
			productReference = BB77316018424B03004E8C86 /* WAONTests.xctest */;
			productType = "com.apple.product-type.bundle.unit-test";
		};
/* End PBXNativeTarget section */

/* Begin PBXProject section */
		BB77313D18424B03004E8C86 /* Project object */ = {
			isa = PBXProject;
			attributes = {
				CLASSPREFIX = MKND;
				LastUpgradeCheck = 0500;
				ORGANIZATIONNAME = mknod;
				TargetAttributes = {
					BB77315F18424B03004E8C86 = {
						TestTargetID = BB77314418424B03004E8C86;
					};
				};
			};
			buildConfigurationList = BB77314018424B03004E8C86 /* Build configuration list for PBXProject "WAON" */;
			compatibilityVersion = "Xcode 3.2";
			developmentRegion = English;
			hasScannedForEncodings = 0;
			knownRegions = (
				en,
			);
			mainGroup = BB77313C18424B03004E8C86;
			productRefGroup = BB77314618424B03004E8C86 /* Products */;
			projectDirPath = "";
			projectRoot = "";
			targets = (
				BB77314418424B03004E8C86 /* WAON */,
				BB77315F18424B03004E8C86 /* WAONTests */,
			);
		};
/* End PBXProject section */

/* Begin PBXResourcesBuildPhase section */
		BB77314318424B03004E8C86 /* Resources */ = {
			isa = PBXResourcesBuildPhase;
			buildActionMask = 2147483647;
			files = (
				BB2204CE18472665008A5F56 /* Icon.png in Resources */,
				BB7731E818424E7A004E8C86 /* key_gis.png in Resources */,
				BB7731DF18424E7A004E8C86 /* key_cis_on.png in Resources */,
				BB2204CB18472665008A5F56 /* Icon-Small-50@2x.png in Resources */,
				BB2204D318477813008A5F56 /* Icon152-152.png in Resources */,
				BB7731E318424E7A004E8C86 /* key_e.png in Resources */,
				BB7731E418424E7A004E8C86 /* key_f.png in Resources */,
				BB2204BB18459EA2008A5F56 /* howto_txt_3.png in Resources */,
				BBC3D4C9184323AD00A65DE8 /* Icon-72.png in Resources */,
				BB7731C218424E7A004E8C86 /* test.rtfd.zip in Resources */,
				BB7731F018424E7A004E8C86 /* count.m4a in Resources */,
				BB7731D218424E7A004E8C86 /* howto2.png in Resources */,
				BB7731D518424E7A004E8C86 /* howto5.png in Resources */,
				BB77315318424B03004E8C86 /* InfoPlist.strings in Resources */,
				BB7731D918424E7A004E8C86 /* key_a.png in Resources */,
				BB7731BD18424E7A004E8C86 /* AGA-Rasheeq-Regular.ttf in Resources */,
				BB7731C018424E7A004E8C86 /* test.png in Resources */,
				BB184BE21844F25400CA4265 /* bt_metronom_on.png in Resources */,
				BB7731C318424E7A004E8C86 /* bt_help.png in Resources */,
				BB7731BF18424E7A004E8C86 /* test.pdf in Resources */,
				BB7731D418424E7A004E8C86 /* howto4.png in Resources */,
				BB7731D718424E7A004E8C86 /* info_close.png in Resources */,
				BB7731CE18424E7A004E8C86 /* help_1.png in Resources */,
				BB2204CD18472665008A5F56 /* Icon-Small@2x.png in Resources */,
				BB7731EE18424E7A004E8C86 /* slider_vol.png in Resources */,
				BB7731D318424E7A004E8C86 /* howto3.png in Resources */,
				BB2204C918472665008A5F56 /* Icon-72@2x.png in Resources */,
				BB7731E218424E7A004E8C86 /* key_dis_on.png in Resources */,
				BB7731D818424E7A004E8C86 /* info_text.png in Resources */,
				BB7731E618424E7A004E8C86 /* key_fis_on.png in Resources */,
				BB77315B18424B03004E8C86 /* Images.xcassets in Resources */,
				BB184BE71844F26F00CA4265 /* bt_plus_off.png in Resources */,
				BB7731DA18424E7A004E8C86 /* key_active.png in Resources */,
				BB7731CF18424E7A004E8C86 /* help_appendix.png in Resources */,
				BB2204CF18472665008A5F56 /* Icon@2x.png in Resources */,
				BB7731E918424E7A004E8C86 /* key_gis_on.png in Resources */,
				BB7731EF18424E7A004E8C86 /* top_bg.png in Resources */,
				BB7731EB18424E7A004E8C86 /* keyboard_slider.png in Resources */,
				BB2204BC18459EA2008A5F56 /* howto_txt_4.png in Resources */,
				BB7731D618424E7A004E8C86 /* howto_title.png in Resources */,
				BB7731BC18424E7A004E8C86 /* AGA-Rasheeq-Bold.ttf in Resources */,
				BBC3D4CA184323AD00A65DE8 /* Icon-72@2x.png in Resources */,
				BB7731DC18424E7A004E8C86 /* key_b_on.png in Resources */,
				BB7731DB18424E7A004E8C86 /* key_b.png in Resources */,
				BB7731ED18424E7A004E8C86 /* slider_tempo.png in Resources */,
				BB7731E518424E7A004E8C86 /* key_fis.png in Resources */,
				BB2204BA18459EA2008A5F56 /* howto_txt_2.png in Resources */,
				BB184BDE1844EA6D00CA4265 /* bt_on.png in Resources */,
				BB7731E018424E7A004E8C86 /* key_d.png in Resources */,
				BB7731CB18424E7A004E8C86 /* help1.png in Resources */,
				BB7731EA18424E7A004E8C86 /* key_h.png in Resources */,
				BB7731C818424E7A004E8C86 /* bt_off.png in Resources */,
				BB7731CD18424E7A004E8C86 /* help3.png in Resources */,
				BB2204CA18472665008A5F56 /* Icon-Small-50.png in Resources */,
				BB2204BD18459EA2008A5F56 /* howto_txt_5.png in Resources */,
				BB184BE41844F25400CA4265 /* bt_minus_on.png in Resources */,
				BB7731C618424E7A004E8C86 /* bt_metronom_active.png in Resources */,
				BB2204D218477813008A5F56 /* Icon76-76.png in Resources */,
				BB7731E118424E7A004E8C86 /* key_dis.png in Resources */,
				BB7731EC18424E7A004E8C86 /* skeleton.png in Resources */,
				BB7731C418424E7A004E8C86 /* bt_info.png in Resources */,
				BB7731E718424E7A004E8C86 /* key_g.png in Resources */,
				BB7731BE18424E7A004E8C86 /* oto.png in Resources */,
				BB184BE31844F25400CA4265 /* bt_minus_off.png in Resources */,
				BB7731C518424E7A004E8C86 /* bt_metronom_off.png in Resources */,
				BB2204BF1845C35D008A5F56 /* click.mp3 in Resources */,
				BB2204B918459EA2008A5F56 /* howto_txt_1.png in Resources */,
				BB7731DD18424E7A004E8C86 /* key_c.png in Resources */,
				BB184BE81844F26F00CA4265 /* bt_plus_on.png in Resources */,
				BB7731CC18424E7A004E8C86 /* help2.png in Resources */,
				BB7731C918424E7A004E8C86 /* bt_active.png in Resources */,
				BB7731C118424E7A004E8C86 /* test.rtfd in Resources */,
				BB7731DE18424E7A004E8C86 /* key_cis.png in Resources */,
				BB7731D118424E7A004E8C86 /* howto1.png in Resources */,
				BB2204CC18472665008A5F56 /* Icon-Small.png in Resources */,
				BB2204C818472665008A5F56 /* Icon-72.png in Resources */,
			);
			runOnlyForDeploymentPostprocessing = 0;
		};
		BB77315E18424B03004E8C86 /* Resources */ = {
			isa = PBXResourcesBuildPhase;
			buildActionMask = 2147483647;
			files = (
				BB77316C18424B03004E8C86 /* InfoPlist.strings in Resources */,
			);
			runOnlyForDeploymentPostprocessing = 0;
		};
/* End PBXResourcesBuildPhase section */

/* Begin PBXSourcesBuildPhase section */
		BB77314118424B03004E8C86 /* Sources */ = {
			isa = PBXSourcesBuildPhase;
			buildActionMask = 2147483647;
			files = (
				BB77315918424B03004E8C86 /* MKNDAppDelegate.m in Sources */,
				BB77317918424BF2004E8C86 /* MainViewController.m in Sources */,
				BB77318218424CF3004E8C86 /* UIShadowLabel.m in Sources */,
				BB77315518424B03004E8C86 /* main.m in Sources */,
				BB77318118424CF3004E8C86 /* InfoViewController.m in Sources */,
				BB77318018424CF3004E8C86 /* HelpViewController.m in Sources */,
			);
			runOnlyForDeploymentPostprocessing = 0;
		};
		BB77315C18424B03004E8C86 /* Sources */ = {
			isa = PBXSourcesBuildPhase;
			buildActionMask = 2147483647;
			files = (
				BB77316E18424B03004E8C86 /* WAONTests.m in Sources */,
			);
			runOnlyForDeploymentPostprocessing = 0;
		};
/* End PBXSourcesBuildPhase section */

/* Begin PBXTargetDependency section */
		BB77316618424B03004E8C86 /* PBXTargetDependency */ = {
			isa = PBXTargetDependency;
			target = BB77314418424B03004E8C86 /* WAON */;
			targetProxy = BB77316518424B03004E8C86 /* PBXContainerItemProxy */;
		};
/* End PBXTargetDependency section */

/* Begin PBXVariantGroup section */
		BB77315118424B03004E8C86 /* InfoPlist.strings */ = {
			isa = PBXVariantGroup;
			children = (
				BB77315218424B03004E8C86 /* en */,
			);
			name = InfoPlist.strings;
			sourceTree = "<group>";
		};
		BB77316A18424B03004E8C86 /* InfoPlist.strings */ = {
			isa = PBXVariantGroup;
			children = (
				BB77316B18424B03004E8C86 /* en */,
			);
			name = InfoPlist.strings;
			sourceTree = "<group>";
		};
/* End PBXVariantGroup section */

/* Begin XCBuildConfiguration section */
		BB77316F18424B03004E8C86 /* Debug */ = {
			isa = XCBuildConfiguration;
			buildSettings = {
				ALWAYS_SEARCH_USER_PATHS = NO;
				ARCHS = "$(ARCHS_STANDARD_INCLUDING_64_BIT)";
				CLANG_CXX_LANGUAGE_STANDARD = "gnu++0x";
				CLANG_CXX_LIBRARY = "libc++";
				CLANG_ENABLE_MODULES = YES;
				CLANG_ENABLE_OBJC_ARC = YES;
				CLANG_WARN_BOOL_CONVERSION = YES;
				CLANG_WARN_CONSTANT_CONVERSION = YES;
				CLANG_WARN_DIRECT_OBJC_ISA_USAGE = YES_ERROR;
				CLANG_WARN_EMPTY_BODY = YES;
				CLANG_WARN_ENUM_CONVERSION = YES;
				CLANG_WARN_INT_CONVERSION = YES;
				CLANG_WARN_OBJC_ROOT_CLASS = YES_ERROR;
				CLANG_WARN__DUPLICATE_METHOD_MATCH = YES;
				"CODE_SIGN_IDENTITY[sdk=iphoneos*]" = "iPhone Developer";
				COPY_PHASE_STRIP = NO;
				GCC_C_LANGUAGE_STANDARD = gnu99;
				GCC_DYNAMIC_NO_PIC = NO;
				GCC_OPTIMIZATION_LEVEL = 0;
				GCC_PREPROCESSOR_DEFINITIONS = (
					"DEBUG=1",
					"$(inherited)",
				);
				GCC_SYMBOLS_PRIVATE_EXTERN = NO;
				GCC_WARN_64_TO_32_BIT_CONVERSION = YES;
				GCC_WARN_ABOUT_RETURN_TYPE = YES_ERROR;
				GCC_WARN_UNDECLARED_SELECTOR = YES;
				GCC_WARN_UNINITIALIZED_AUTOS = YES;
				GCC_WARN_UNUSED_FUNCTION = YES;
				GCC_WARN_UNUSED_VARIABLE = YES;
				IPHONEOS_DEPLOYMENT_TARGET = 6.1;
				ONLY_ACTIVE_ARCH = YES;
				SDKROOT = iphoneos;
				TARGETED_DEVICE_FAMILY = 2;
			};
			name = Debug;
		};
		BB77317018424B03004E8C86 /* Release */ = {
			isa = XCBuildConfiguration;
			buildSettings = {
				ALWAYS_SEARCH_USER_PATHS = NO;
				ARCHS = "$(ARCHS_STANDARD_INCLUDING_64_BIT)";
				CLANG_CXX_LANGUAGE_STANDARD = "gnu++0x";
				CLANG_CXX_LIBRARY = "libc++";
				CLANG_ENABLE_MODULES = YES;
				CLANG_ENABLE_OBJC_ARC = YES;
				CLANG_WARN_BOOL_CONVERSION = YES;
				CLANG_WARN_CONSTANT_CONVERSION = YES;
				CLANG_WARN_DIRECT_OBJC_ISA_USAGE = YES_ERROR;
				CLANG_WARN_EMPTY_BODY = YES;
				CLANG_WARN_ENUM_CONVERSION = YES;
				CLANG_WARN_INT_CONVERSION = YES;
				CLANG_WARN_OBJC_ROOT_CLASS = YES_ERROR;
				CLANG_WARN__DUPLICATE_METHOD_MATCH = YES;
				CODE_SIGN_IDENTITY = "iPhone Distribution";
				"CODE_SIGN_IDENTITY[sdk=iphoneos*]" = "iPhone Developer";
				COPY_PHASE_STRIP = YES;
				ENABLE_NS_ASSERTIONS = NO;
				GCC_C_LANGUAGE_STANDARD = gnu99;
				GCC_WARN_64_TO_32_BIT_CONVERSION = YES;
				GCC_WARN_ABOUT_RETURN_TYPE = YES_ERROR;
				GCC_WARN_UNDECLARED_SELECTOR = YES;
				GCC_WARN_UNINITIALIZED_AUTOS = YES;
				GCC_WARN_UNUSED_FUNCTION = YES;
				GCC_WARN_UNUSED_VARIABLE = YES;
				IPHONEOS_DEPLOYMENT_TARGET = 6.1;
				SDKROOT = iphoneos;
				TARGETED_DEVICE_FAMILY = 2;
				VALIDATE_PRODUCT = YES;
			};
			name = Release;
		};
		BB77317218424B03004E8C86 /* Debug */ = {
			isa = XCBuildConfiguration;
			buildSettings = {
				ASSETCATALOG_COMPILER_LAUNCHIMAGE_NAME = LaunchImage;
				GCC_PRECOMPILE_PREFIX_HEADER = YES;
				GCC_PREFIX_HEADER = "WAON/WAON-Prefix.pch";
				INFOPLIST_FILE = "WAON/WAON-Info.plist";
				IPHONEOS_DEPLOYMENT_TARGET = 6.1;
				PRODUCT_NAME = "$(TARGET_NAME)";
				WRAPPER_EXTENSION = app;
			};
			name = Debug;
		};
		BB77317318424B03004E8C86 /* Release */ = {
			isa = XCBuildConfiguration;
			buildSettings = {
				ASSETCATALOG_COMPILER_LAUNCHIMAGE_NAME = LaunchImage;
				GCC_PRECOMPILE_PREFIX_HEADER = YES;
				GCC_PREFIX_HEADER = "WAON/WAON-Prefix.pch";
				INFOPLIST_FILE = "WAON/WAON-Info.plist";
				IPHONEOS_DEPLOYMENT_TARGET = 6.1;
				PRODUCT_NAME = "$(TARGET_NAME)";
				WRAPPER_EXTENSION = app;
			};
			name = Release;
		};
		BB77317518424B03004E8C86 /* Debug */ = {
			isa = XCBuildConfiguration;
			buildSettings = {
				ARCHS = "$(ARCHS_STANDARD_INCLUDING_64_BIT)";
				BUNDLE_LOADER = "$(BUILT_PRODUCTS_DIR)/WAON.app/WAON";
				FRAMEWORK_SEARCH_PATHS = (
					"$(SDKROOT)/Developer/Library/Frameworks",
					"$(inherited)",
					"$(DEVELOPER_FRAMEWORKS_DIR)",
				);
				GCC_PRECOMPILE_PREFIX_HEADER = YES;
				GCC_PREFIX_HEADER = "WAON/WAON-Prefix.pch";
				GCC_PREPROCESSOR_DEFINITIONS = (
					"DEBUG=1",
					"$(inherited)",
				);
				INFOPLIST_FILE = "WAONTests/WAONTests-Info.plist";
				PRODUCT_NAME = "$(TARGET_NAME)";
				TEST_HOST = "$(BUNDLE_LOADER)";
				WRAPPER_EXTENSION = xctest;
			};
			name = Debug;
		};
		BB77317618424B03004E8C86 /* Release */ = {
			isa = XCBuildConfiguration;
			buildSettings = {
				ARCHS = "$(ARCHS_STANDARD_INCLUDING_64_BIT)";
				BUNDLE_LOADER = "$(BUILT_PRODUCTS_DIR)/WAON.app/WAON";
				CODE_SIGN_IDENTITY = "iPhone Distribution: YUJIRO MIYABAYASHI (6N9984Z64L)";
				FRAMEWORK_SEARCH_PATHS = (
					"$(SDKROOT)/Developer/Library/Frameworks",
					"$(inherited)",
					"$(DEVELOPER_FRAMEWORKS_DIR)",
				);
				GCC_PRECOMPILE_PREFIX_HEADER = YES;
				GCC_PREFIX_HEADER = "WAON/WAON-Prefix.pch";
				INFOPLIST_FILE = "WAONTests/WAONTests-Info.plist";
				PRODUCT_NAME = "$(TARGET_NAME)";
				TEST_HOST = "$(BUNDLE_LOADER)";
				WRAPPER_EXTENSION = xctest;
			};
			name = Release;
		};
/* End XCBuildConfiguration section */

/* Begin XCConfigurationList section */
		BB77314018424B03004E8C86 /* Build configuration list for PBXProject "WAON" */ = {
			isa = XCConfigurationList;
			buildConfigurations = (
				BB77316F18424B03004E8C86 /* Debug */,
				BB77317018424B03004E8C86 /* Release */,
			);
			defaultConfigurationIsVisible = 0;
			defaultConfigurationName = Release;
		};
		BB77317118424B03004E8C86 /* Build configuration list for PBXNativeTarget "WAON" */ = {
			isa = XCConfigurationList;
			buildConfigurations = (
				BB77317218424B03004E8C86 /* Debug */,
				BB77317318424B03004E8C86 /* Release */,
			);
			defaultConfigurationIsVisible = 0;
			defaultConfigurationName = Release;
		};
		BB77317418424B03004E8C86 /* Build configuration list for PBXNativeTarget "WAONTests" */ = {
			isa = XCConfigurationList;
			buildConfigurations = (
				BB77317518424B03004E8C86 /* Debug */,
				BB77317618424B03004E8C86 /* Release */,
			);
			defaultConfigurationIsVisible = 0;
			defaultConfigurationName = Release;
		};
/* End XCConfigurationList section */
	};
	rootObject = BB77313D18424B03004E8C86 /* Project object */;
}
